// !$*UTF8*$!
{
	archiveVersion = 1;
	classes = {
	};
	objectVersion = 56;
	objects = {

/* Begin PBXBuildFile section */
		3FDAFD8D2A30BAE300AEC9E0 /* AppDelegate.swift in Sources */ = {isa = PBXBuildFile; fileRef = 3FDAFD8C2A30BAE300AEC9E0 /* AppDelegate.swift */; };
		3FDAFD8F2A30BAE300AEC9E0 /* SceneDelegate.swift in Sources */ = {isa = PBXBuildFile; fileRef = 3FDAFD8E2A30BAE300AEC9E0 /* SceneDelegate.swift */; };
		3FDAFD912A30BAE300AEC9E0 /* ViewController.swift in Sources */ = {isa = PBXBuildFile; fileRef = 3FDAFD902A30BAE300AEC9E0 /* ViewController.swift */; };
		3FDAFD942A30BAE300AEC9E0 /* Main.storyboard in Resources */ = {isa = PBXBuildFile; fileRef = 3FDAFD922A30BAE300AEC9E0 /* Main.storyboard */; };
		3FDAFD962A30BAE400AEC9E0 /* Assets.xcassets in Resources */ = {isa = PBXBuildFile; fileRef = 3FDAFD952A30BAE400AEC9E0 /* Assets.xcassets */; };
		3FDAFD992A30BAE400AEC9E0 /* LaunchScreen.storyboard in Resources */ = {isa = PBXBuildFile; fileRef = 3FDAFD972A30BAE400AEC9E0 /* LaunchScreen.storyboard */; };
		3FDAFDA42A30BAE400AEC9E0 /* Detecting_Ambiguous_LayoutsTests.swift in Sources */ = {isa = PBXBuildFile; fileRef = 3FDAFDA32A30BAE400AEC9E0 /* Detecting_Ambiguous_LayoutsTests.swift */; };
		3FDAFDAE2A30BAE400AEC9E0 /* Detecting_Ambiguous_LayoutsUITests.swift in Sources */ = {isa = PBXBuildFile; fileRef = 3FDAFDAD2A30BAE400AEC9E0 /* Detecting_Ambiguous_LayoutsUITests.swift */; };
		3FDAFDB02A30BAE400AEC9E0 /* Detecting_Ambiguous_LayoutsUITestsLaunchTests.swift in Sources */ = {isa = PBXBuildFile; fileRef = 3FDAFDAF2A30BAE400AEC9E0 /* Detecting_Ambiguous_LayoutsUITestsLaunchTests.swift */; };
/* End PBXBuildFile section */

/* Begin PBXContainerItemProxy section */
		3FDAFDA02A30BAE400AEC9E0 /* PBXContainerItemProxy */ = {
			isa = PBXContainerItemProxy;
			containerPortal = 3FDAFD812A30BAE300AEC9E0 /* Project object */;
			proxyType = 1;
			remoteGlobalIDString = 3FDAFD882A30BAE300AEC9E0;
			remoteInfo = Detecting_Ambiguous_Layouts;
		};
		3FDAFDAA2A30BAE400AEC9E0 /* PBXContainerItemProxy */ = {
			isa = PBXContainerItemProxy;
			containerPortal = 3FDAFD812A30BAE300AEC9E0 /* Project object */;
			proxyType = 1;
			remoteGlobalIDString = 3FDAFD882A30BAE300AEC9E0;
			remoteInfo = Detecting_Ambiguous_Layouts;
		};
/* End PBXContainerItemProxy section */

/* Begin PBXFileReference section */
		3FDAFD892A30BAE300AEC9E0 /* Detecting_Ambiguous_Layouts.app */ = {isa = PBXFileReference; explicitFileType = wrapper.application; includeInIndex = 0; path = Detecting_Ambiguous_Layouts.app; sourceTree = BUILT_PRODUCTS_DIR; };
		3FDAFD8C2A30BAE300AEC9E0 /* AppDelegate.swift */ = {isa = PBXFileReference; lastKnownFileType = sourcecode.swift; path = AppDelegate.swift; sourceTree = "<group>"; };
		3FDAFD8E2A30BAE300AEC9E0 /* SceneDelegate.swift */ = {isa = PBXFileReference; lastKnownFileType = sourcecode.swift; path = SceneDelegate.swift; sourceTree = "<group>"; };
		3FDAFD902A30BAE300AEC9E0 /* ViewController.swift */ = {isa = PBXFileReference; lastKnownFileType = sourcecode.swift; path = ViewController.swift; sourceTree = "<group>"; };
		3FDAFD932A30BAE300AEC9E0 /* Base */ = {isa = PBXFileReference; lastKnownFileType = file.storyboard; name = Base; path = Base.lproj/Main.storyboard; sourceTree = "<group>"; };
		3FDAFD952A30BAE400AEC9E0 /* Assets.xcassets */ = {isa = PBXFileReference; lastKnownFileType = folder.assetcatalog; path = Assets.xcassets; sourceTree = "<group>"; };
		3FDAFD982A30BAE400AEC9E0 /* Base */ = {isa = PBXFileReference; lastKnownFileType = file.storyboard; name = Base; path = Base.lproj/LaunchScreen.storyboard; sourceTree = "<group>"; };
		3FDAFD9A2A30BAE400AEC9E0 /* Info.plist */ = {isa = PBXFileReference; lastKnownFileType = text.plist.xml; path = Info.plist; sourceTree = "<group>"; };
		3FDAFD9F2A30BAE400AEC9E0 /* Detecting_Ambiguous_LayoutsTests.xctest */ = {isa = PBXFileReference; explicitFileType = wrapper.cfbundle; includeInIndex = 0; path = Detecting_Ambiguous_LayoutsTests.xctest; sourceTree = BUILT_PRODUCTS_DIR; };
		3FDAFDA32A30BAE400AEC9E0 /* Detecting_Ambiguous_LayoutsTests.swift */ = {isa = PBXFileReference; lastKnownFileType = sourcecode.swift; path = Detecting_Ambiguous_LayoutsTests.swift; sourceTree = "<group>"; };
		3FDAFDA92A30BAE400AEC9E0 /* Detecting_Ambiguous_LayoutsUITests.xctest */ = {isa = PBXFileReference; explicitFileType = wrapper.cfbundle; includeInIndex = 0; path = Detecting_Ambiguous_LayoutsUITests.xctest; sourceTree = BUILT_PRODUCTS_DIR; };
		3FDAFDAD2A30BAE400AEC9E0 /* Detecting_Ambiguous_LayoutsUITests.swift */ = {isa = PBXFileReference; lastKnownFileType = sourcecode.swift; path = Detecting_Ambiguous_LayoutsUITests.swift; sourceTree = "<group>"; };
		3FDAFDAF2A30BAE400AEC9E0 /* Detecting_Ambiguous_LayoutsUITestsLaunchTests.swift */ = {isa = PBXFileReference; lastKnownFileType = sourcecode.swift; path = Detecting_Ambiguous_LayoutsUITestsLaunchTests.swift; sourceTree = "<group>"; };
/* End PBXFileReference section */

/* Begin PBXFrameworksBuildPhase section */
		3FDAFD862A30BAE300AEC9E0 /* Frameworks */ = {
			isa = PBXFrameworksBuildPhase;
			buildActionMask = 2147483647;
			files = (
			);
			runOnlyForDeploymentPostprocessing = 0;
		};
		3FDAFD9C2A30BAE400AEC9E0 /* Frameworks */ = {
			isa = PBXFrameworksBuildPhase;
			buildActionMask = 2147483647;
			files = (
			);
			runOnlyForDeploymentPostprocessing = 0;
		};
		3FDAFDA62A30BAE400AEC9E0 /* Frameworks */ = {
			isa = PBXFrameworksBuildPhase;
			buildActionMask = 2147483647;
			files = (
			);
			runOnlyForDeploymentPostprocessing = 0;
		};
/* End PBXFrameworksBuildPhase section */

/* Begin PBXGroup section */
		3FDAFD802A30BAE300AEC9E0 = {
			isa = PBXGroup;
			children = (
				3FDAFD8B2A30BAE300AEC9E0 /* Detecting_Ambiguous_Layouts */,
				3FDAFDA22A30BAE400AEC9E0 /* Detecting_Ambiguous_LayoutsTests */,
				3FDAFDAC2A30BAE400AEC9E0 /* Detecting_Ambiguous_LayoutsUITests */,
				3FDAFD8A2A30BAE300AEC9E0 /* Products */,
			);
			sourceTree = "<group>";
		};
		3FDAFD8A2A30BAE300AEC9E0 /* Products */ = {
			isa = PBXGroup;
			children = (
				3FDAFD892A30BAE300AEC9E0 /* Detecting_Ambiguous_Layouts.app */,
				3FDAFD9F2A30BAE400AEC9E0 /* Detecting_Ambiguous_LayoutsTests.xctest */,
				3FDAFDA92A30BAE400AEC9E0 /* Detecting_Ambiguous_LayoutsUITests.xctest */,
			);
			name = Products;
			sourceTree = "<group>";
		};
		3FDAFD8B2A30BAE300AEC9E0 /* Detecting_Ambiguous_Layouts */ = {
			isa = PBXGroup;
			children = (
				3FDAFD8C2A30BAE300AEC9E0 /* AppDelegate.swift */,
				3FDAFD8E2A30BAE300AEC9E0 /* SceneDelegate.swift */,
				3FDAFD902A30BAE300AEC9E0 /* ViewController.swift */,
				3FDAFD922A30BAE300AEC9E0 /* Main.storyboard */,
				3FDAFD952A30BAE400AEC9E0 /* Assets.xcassets */,
				3FDAFD972A30BAE400AEC9E0 /* LaunchScreen.storyboard */,
				3FDAFD9A2A30BAE400AEC9E0 /* Info.plist */,
			);
			path = Detecting_Ambiguous_Layouts;
			sourceTree = "<group>";
		};
		3FDAFDA22A30BAE400AEC9E0 /* Detecting_Ambiguous_LayoutsTests */ = {
			isa = PBXGroup;
			children = (
				3FDAFDA32A30BAE400AEC9E0 /* Detecting_Ambiguous_LayoutsTests.swift */,
			);
			path = Detecting_Ambiguous_LayoutsTests;
			sourceTree = "<group>";
		};
		3FDAFDAC2A30BAE400AEC9E0 /* Detecting_Ambiguous_LayoutsUITests */ = {
			isa = PBXGroup;
			children = (
				3FDAFDAD2A30BAE400AEC9E0 /* Detecting_Ambiguous_LayoutsUITests.swift */,
				3FDAFDAF2A30BAE400AEC9E0 /* Detecting_Ambiguous_LayoutsUITestsLaunchTests.swift */,
			);
			path = Detecting_Ambiguous_LayoutsUITests;
			sourceTree = "<group>";
		};
/* End PBXGroup section */

/* Begin PBXNativeTarget section */
		3FDAFD882A30BAE300AEC9E0 /* Detecting_Ambiguous_Layouts */ = {
			isa = PBXNativeTarget;
			buildConfigurationList = 3FDAFDB32A30BAE400AEC9E0 /* Build configuration list for PBXNativeTarget "Detecting_Ambiguous_Layouts" */;
			buildPhases = (
				3FDAFD852A30BAE300AEC9E0 /* Sources */,
				3FDAFD862A30BAE300AEC9E0 /* Frameworks */,
				3FDAFD872A30BAE300AEC9E0 /* Resources */,
			);
			buildRules = (
			);
			dependencies = (
			);
			name = Detecting_Ambiguous_Layouts;
			productName = Detecting_Ambiguous_Layouts;
			productReference = 3FDAFD892A30BAE300AEC9E0 /* Detecting_Ambiguous_Layouts.app */;
			productType = "com.apple.product-type.application";
		};
		3FDAFD9E2A30BAE400AEC9E0 /* Detecting_Ambiguous_LayoutsTests */ = {
			isa = PBXNativeTarget;
			buildConfigurationList = 3FDAFDB62A30BAE400AEC9E0 /* Build configuration list for PBXNativeTarget "Detecting_Ambiguous_LayoutsTests" */;
			buildPhases = (
				3FDAFD9B2A30BAE400AEC9E0 /* Sources */,
				3FDAFD9C2A30BAE400AEC9E0 /* Frameworks */,
				3FDAFD9D2A30BAE400AEC9E0 /* Resources */,
			);
			buildRules = (
			);
			dependencies = (
				3FDAFDA12A30BAE400AEC9E0 /* PBXTargetDependency */,
			);
			name = Detecting_Ambiguous_LayoutsTests;
			productName = Detecting_Ambiguous_LayoutsTests;
			productReference = 3FDAFD9F2A30BAE400AEC9E0 /* Detecting_Ambiguous_LayoutsTests.xctest */;
			productType = "com.apple.product-type.bundle.unit-test";
		};
		3FDAFDA82A30BAE400AEC9E0 /* Detecting_Ambiguous_LayoutsUITests */ = {
			isa = PBXNativeTarget;
			buildConfigurationList = 3FDAFDB92A30BAE400AEC9E0 /* Build configuration list for PBXNativeTarget "Detecting_Ambiguous_LayoutsUITests" */;
			buildPhases = (
				3FDAFDA52A30BAE400AEC9E0 /* Sources */,
				3FDAFDA62A30BAE400AEC9E0 /* Frameworks */,
				3FDAFDA72A30BAE400AEC9E0 /* Resources */,
			);
			buildRules = (
			);
			dependencies = (
				3FDAFDAB2A30BAE400AEC9E0 /* PBXTargetDependency */,
			);
			name = Detecting_Ambiguous_LayoutsUITests;
			productName = Detecting_Ambiguous_LayoutsUITests;
			productReference = 3FDAFDA92A30BAE400AEC9E0 /* Detecting_Ambiguous_LayoutsUITests.xctest */;
			productType = "com.apple.product-type.bundle.ui-testing";
		};
/* End PBXNativeTarget section */

/* Begin PBXProject section */
		3FDAFD812A30BAE300AEC9E0 /* Project object */ = {
			isa = PBXProject;
			attributes = {
				BuildIndependentTargetsInParallel = 1;
				LastSwiftUpdateCheck = 1430;
				LastUpgradeCheck = 1430;
				TargetAttributes = {
					3FDAFD882A30BAE300AEC9E0 = {
						CreatedOnToolsVersion = 14.3.1;
					};
					3FDAFD9E2A30BAE400AEC9E0 = {
						CreatedOnToolsVersion = 14.3.1;
						TestTargetID = 3FDAFD882A30BAE300AEC9E0;
					};
					3FDAFDA82A30BAE400AEC9E0 = {
						CreatedOnToolsVersion = 14.3.1;
						TestTargetID = 3FDAFD882A30BAE300AEC9E0;
					};
				};
			};
			buildConfigurationList = 3FDAFD842A30BAE300AEC9E0 /* Build configuration list for PBXProject "Detecting_Ambiguous_Layouts" */;
			compatibilityVersion = "Xcode 14.0";
			developmentRegion = en;
			hasScannedForEncodings = 0;
			knownRegions = (
				en,
				Base,
			);
			mainGroup = 3FDAFD802A30BAE300AEC9E0;
			productRefGroup = 3FDAFD8A2A30BAE300AEC9E0 /* Products */;
			projectDirPath = "";
			projectRoot = "";
			targets = (
				3FDAFD882A30BAE300AEC9E0 /* Detecting_Ambiguous_Layouts */,
				3FDAFD9E2A30BAE400AEC9E0 /* Detecting_Ambiguous_LayoutsTests */,
				3FDAFDA82A30BAE400AEC9E0 /* Detecting_Ambiguous_LayoutsUITests */,
			);
		};
/* End PBXProject section */

/* Begin PBXResourcesBuildPhase section */
		3FDAFD872A30BAE300AEC9E0 /* Resources */ = {
			isa = PBXResourcesBuildPhase;
			buildActionMask = 2147483647;
			files = (
				3FDAFD992A30BAE400AEC9E0 /* LaunchScreen.storyboard in Resources */,
				3FDAFD962A30BAE400AEC9E0 /* Assets.xcassets in Resources */,
				3FDAFD942A30BAE300AEC9E0 /* Main.storyboard in Resources */,
			);
			runOnlyForDeploymentPostprocessing = 0;
		};
		3FDAFD9D2A30BAE400AEC9E0 /* Resources */ = {
			isa = PBXResourcesBuildPhase;
			buildActionMask = 2147483647;
			files = (
			);
			runOnlyForDeploymentPostprocessing = 0;
		};
		3FDAFDA72A30BAE400AEC9E0 /* Resources */ = {
			isa = PBXResourcesBuildPhase;
			buildActionMask = 2147483647;
			files = (
			);
			runOnlyForDeploymentPostprocessing = 0;
		};
/* End PBXResourcesBuildPhase section */

/* Begin PBXSourcesBuildPhase section */
		3FDAFD852A30BAE300AEC9E0 /* Sources */ = {
			isa = PBXSourcesBuildPhase;
			buildActionMask = 2147483647;
			files = (
				3FDAFD912A30BAE300AEC9E0 /* ViewController.swift in Sources */,
				3FDAFD8D2A30BAE300AEC9E0 /* AppDelegate.swift in Sources */,
				3FDAFD8F2A30BAE300AEC9E0 /* SceneDelegate.swift in Sources */,
			);
			runOnlyForDeploymentPostprocessing = 0;
		};
		3FDAFD9B2A30BAE400AEC9E0 /* Sources */ = {
			isa = PBXSourcesBuildPhase;
			buildActionMask = 2147483647;
			files = (
				3FDAFDA42A30BAE400AEC9E0 /* Detecting_Ambiguous_LayoutsTests.swift in Sources */,
			);
			runOnlyForDeploymentPostprocessing = 0;
		};
		3FDAFDA52A30BAE400AEC9E0 /* Sources */ = {
			isa = PBXSourcesBuildPhase;
			buildActionMask = 2147483647;
			files = (
				3FDAFDAE2A30BAE400AEC9E0 /* Detecting_Ambiguous_LayoutsUITests.swift in Sources */,
				3FDAFDB02A30BAE400AEC9E0 /* Detecting_Ambiguous_LayoutsUITestsLaunchTests.swift in Sources */,
			);
			runOnlyForDeploymentPostprocessing = 0;
		};
/* End PBXSourcesBuildPhase section */

/* Begin PBXTargetDependency section */
		3FDAFDA12A30BAE400AEC9E0 /* PBXTargetDependency */ = {
			isa = PBXTargetDependency;
			target = 3FDAFD882A30BAE300AEC9E0 /* Detecting_Ambiguous_Layouts */;
			targetProxy = 3FDAFDA02A30BAE400AEC9E0 /* PBXContainerItemProxy */;
		};
		3FDAFDAB2A30BAE400AEC9E0 /* PBXTargetDependency */ = {
			isa = PBXTargetDependency;
			target = 3FDAFD882A30BAE300AEC9E0 /* Detecting_Ambiguous_Layouts */;
			targetProxy = 3FDAFDAA2A30BAE400AEC9E0 /* PBXContainerItemProxy */;
		};
/* End PBXTargetDependency section */

/* Begin PBXVariantGroup section */
		3FDAFD922A30BAE300AEC9E0 /* Main.storyboard */ = {
			isa = PBXVariantGroup;
			children = (
				3FDAFD932A30BAE300AEC9E0 /* Base */,
			);
			name = Main.storyboard;
			sourceTree = "<group>";
		};
		3FDAFD972A30BAE400AEC9E0 /* LaunchScreen.storyboard */ = {
			isa = PBXVariantGroup;
			children = (
				3FDAFD982A30BAE400AEC9E0 /* Base */,
			);
			name = LaunchScreen.storyboard;
			sourceTree = "<group>";
		};
/* End PBXVariantGroup section */

/* Begin XCBuildConfiguration section */
		3FDAFDB12A30BAE400AEC9E0 /* Debug */ = {
			isa = XCBuildConfiguration;
			buildSettings = {
				ALWAYS_SEARCH_USER_PATHS = NO;
				CLANG_ANALYZER_NONNULL = YES;
				CLANG_ANALYZER_NUMBER_OBJECT_CONVERSION = YES_AGGRESSIVE;
				CLANG_CXX_LANGUAGE_STANDARD = "gnu++20";
				CLANG_ENABLE_MODULES = YES;
				CLANG_ENABLE_OBJC_ARC = YES;
				CLANG_ENABLE_OBJC_WEAK = YES;
				CLANG_WARN_BLOCK_CAPTURE_AUTORELEASING = YES;
				CLANG_WARN_BOOL_CONVERSION = YES;
				CLANG_WARN_COMMA = YES;
				CLANG_WARN_CONSTANT_CONVERSION = YES;
				CLANG_WARN_DEPRECATED_OBJC_IMPLEMENTATIONS = YES;
				CLANG_WARN_DIRECT_OBJC_ISA_USAGE = YES_ERROR;
				CLANG_WARN_DOCUMENTATION_COMMENTS = YES;
				CLANG_WARN_EMPTY_BODY = YES;
				CLANG_WARN_ENUM_CONVERSION = YES;
				CLANG_WARN_INFINITE_RECURSION = YES;
				CLANG_WARN_INT_CONVERSION = YES;
				CLANG_WARN_NON_LITERAL_NULL_CONVERSION = YES;
				CLANG_WARN_OBJC_IMPLICIT_RETAIN_SELF = YES;
				CLANG_WARN_OBJC_LITERAL_CONVERSION = YES;
				CLANG_WARN_OBJC_ROOT_CLASS = YES_ERROR;
				CLANG_WARN_QUOTED_INCLUDE_IN_FRAMEWORK_HEADER = YES;
				CLANG_WARN_RANGE_LOOP_ANALYSIS = YES;
				CLANG_WARN_STRICT_PROTOTYPES = YES;
				CLANG_WARN_SUSPICIOUS_MOVE = YES;
				CLANG_WARN_UNGUARDED_AVAILABILITY = YES_AGGRESSIVE;
				CLANG_WARN_UNREACHABLE_CODE = YES;
				CLANG_WARN__DUPLICATE_METHOD_MATCH = YES;
				COPY_PHASE_STRIP = NO;
				DEBUG_INFORMATION_FORMAT = dwarf;
				ENABLE_STRICT_OBJC_MSGSEND = YES;
				ENABLE_TESTABILITY = YES;
				GCC_C_LANGUAGE_STANDARD = gnu11;
				GCC_DYNAMIC_NO_PIC = NO;
				GCC_NO_COMMON_BLOCKS = YES;
				GCC_OPTIMIZATION_LEVEL = 0;
				GCC_PREPROCESSOR_DEFINITIONS = (
					"DEBUG=1",
					"$(inherited)",
				);
				GCC_WARN_64_TO_32_BIT_CONVERSION = YES;
				GCC_WARN_ABOUT_RETURN_TYPE = YES_ERROR;
				GCC_WARN_UNDECLARED_SELECTOR = YES;
				GCC_WARN_UNINITIALIZED_AUTOS = YES_AGGRESSIVE;
				GCC_WARN_UNUSED_FUNCTION = YES;
				GCC_WARN_UNUSED_VARIABLE = YES;
				IPHONEOS_DEPLOYMENT_TARGET = 16.4;
				MTL_ENABLE_DEBUG_INFO = INCLUDE_SOURCE;
				MTL_FAST_MATH = YES;
				ONLY_ACTIVE_ARCH = YES;
				SDKROOT = iphoneos;
				SWIFT_ACTIVE_COMPILATION_CONDITIONS = DEBUG;
				SWIFT_OPTIMIZATION_LEVEL = "-Onone";
			};
			name = Debug;
		};
		3FDAFDB22A30BAE400AEC9E0 /* Release */ = {
			isa = XCBuildConfiguration;
			buildSettings = {
				ALWAYS_SEARCH_USER_PATHS = NO;
				CLANG_ANALYZER_NONNULL = YES;
				CLANG_ANALYZER_NUMBER_OBJECT_CONVERSION = YES_AGGRESSIVE;
				CLANG_CXX_LANGUAGE_STANDARD = "gnu++20";
				CLANG_ENABLE_MODULES = YES;
				CLANG_ENABLE_OBJC_ARC = YES;
				CLANG_ENABLE_OBJC_WEAK = YES;
				CLANG_WARN_BLOCK_CAPTURE_AUTORELEASING = YES;
				CLANG_WARN_BOOL_CONVERSION = YES;
				CLANG_WARN_COMMA = YES;
				CLANG_WARN_CONSTANT_CONVERSION = YES;
				CLANG_WARN_DEPRECATED_OBJC_IMPLEMENTATIONS = YES;
				CLANG_WARN_DIRECT_OBJC_ISA_USAGE = YES_ERROR;
				CLANG_WARN_DOCUMENTATION_COMMENTS = YES;
				CLANG_WARN_EMPTY_BODY = YES;
				CLANG_WARN_ENUM_CONVERSION = YES;
				CLANG_WARN_INFINITE_RECURSION = YES;
				CLANG_WARN_INT_CONVERSION = YES;
				CLANG_WARN_NON_LITERAL_NULL_CONVERSION = YES;
				CLANG_WARN_OBJC_IMPLICIT_RETAIN_SELF = YES;
				CLANG_WARN_OBJC_LITERAL_CONVERSION = YES;
				CLANG_WARN_OBJC_ROOT_CLASS = YES_ERROR;
				CLANG_WARN_QUOTED_INCLUDE_IN_FRAMEWORK_HEADER = YES;
				CLANG_WARN_RANGE_LOOP_ANALYSIS = YES;
				CLANG_WARN_STRICT_PROTOTYPES = YES;
				CLANG_WARN_SUSPICIOUS_MOVE = YES;
				CLANG_WARN_UNGUARDED_AVAILABILITY = YES_AGGRESSIVE;
				CLANG_WARN_UNREACHABLE_CODE = YES;
				CLANG_WARN__DUPLICATE_METHOD_MATCH = YES;
				COPY_PHASE_STRIP = NO;
				DEBUG_INFORMATION_FORMAT = "dwarf-with-dsym";
				ENABLE_NS_ASSERTIONS = NO;
				ENABLE_STRICT_OBJC_MSGSEND = YES;
				GCC_C_LANGUAGE_STANDARD = gnu11;
				GCC_NO_COMMON_BLOCKS = YES;
				GCC_WARN_64_TO_32_BIT_CONVERSION = YES;
				GCC_WARN_ABOUT_RETURN_TYPE = YES_ERROR;
				GCC_WARN_UNDECLARED_SELECTOR = YES;
				GCC_WARN_UNINITIALIZED_AUTOS = YES_AGGRESSIVE;
				GCC_WARN_UNUSED_FUNCTION = YES;
				GCC_WARN_UNUSED_VARIABLE = YES;
				IPHONEOS_DEPLOYMENT_TARGET = 16.4;
				MTL_ENABLE_DEBUG_INFO = NO;
				MTL_FAST_MATH = YES;
				SDKROOT = iphoneos;
				SWIFT_COMPILATION_MODE = wholemodule;
				SWIFT_OPTIMIZATION_LEVEL = "-O";
				VALIDATE_PRODUCT = YES;
			};
			name = Release;
		};
		3FDAFDB42A30BAE400AEC9E0 /* Debug */ = {
			isa = XCBuildConfiguration;
			buildSettings = {
				ASSETCATALOG_COMPILER_APPICON_NAME = AppIcon;
				ASSETCATALOG_COMPILER_GLOBAL_ACCENT_COLOR_NAME = AccentColor;
				CODE_SIGN_STYLE = Automatic;
				CURRENT_PROJECT_VERSION = 1;
				DEVELOPMENT_TEAM = V7TH2GUA8U;
				GENERATE_INFOPLIST_FILE = YES;
				INFOPLIST_FILE = Detecting_Ambiguous_Layouts/Info.plist;
				INFOPLIST_KEY_UIApplicationSupportsIndirectInputEvents = YES;
				INFOPLIST_KEY_UILaunchStoryboardName = LaunchScreen;
				INFOPLIST_KEY_UIMainStoryboardFile = Main;
				INFOPLIST_KEY_UISupportedInterfaceOrientations_iPad = "UIInterfaceOrientationPortrait UIInterfaceOrientationPortraitUpsideDown UIInterfaceOrientationLandscapeLeft UIInterfaceOrientationLandscapeRight";
				INFOPLIST_KEY_UISupportedInterfaceOrientations_iPhone = "UIInterfaceOrientationPortrait UIInterfaceOrientationLandscapeLeft UIInterfaceOrientationLandscapeRight";
				LD_RUNPATH_SEARCH_PATHS = (
					"$(inherited)",
					"@executable_path/Frameworks",
				);
				MARKETING_VERSION = 1.0;
				PRODUCT_BUNDLE_IDENTIFIER = "com.Lime.Detecting-Ambiguous-Layouts";
				PRODUCT_NAME = "$(TARGET_NAME)";
				SWIFT_EMIT_LOC_STRINGS = YES;
				SWIFT_VERSION = 5.0;
				TARGETED_DEVICE_FAMILY = "1,2";
			};
			name = Debug;
		};
		3FDAFDB52A30BAE400AEC9E0 /* Release */ = {
			isa = XCBuildConfiguration;
			buildSettings = {
				ASSETCATALOG_COMPILER_APPICON_NAME = AppIcon;
				ASSETCATALOG_COMPILER_GLOBAL_ACCENT_COLOR_NAME = AccentColor;
				CODE_SIGN_STYLE = Automatic;
				CURRENT_PROJECT_VERSION = 1;
				DEVELOPMENT_TEAM = V7TH2GUA8U;
				GENERATE_INFOPLIST_FILE = YES;
				INFOPLIST_FILE = Detecting_Ambiguous_Layouts/Info.plist;
				INFOPLIST_KEY_UIApplicationSupportsIndirectInputEvents = YES;
				INFOPLIST_KEY_UILaunchStoryboardName = LaunchScreen;
				INFOPLIST_KEY_UIMainStoryboardFile = Main;
				INFOPLIST_KEY_UISupportedInterfaceOrientations_iPad = "UIInterfaceOrientationPortrait UIInterfaceOrientationPortraitUpsideDown UIInterfaceOrientationLandscapeLeft UIInterfaceOrientationLandscapeRight";
				INFOPLIST_KEY_UISupportedInterfaceOrientations_iPhone = "UIInterfaceOrientationPortrait UIInterfaceOrientationLandscapeLeft UIInterfaceOrientationLandscapeRight";
				LD_RUNPATH_SEARCH_PATHS = (
					"$(inherited)",
					"@executable_path/Frameworks",
				);
				MARKETING_VERSION = 1.0;
				PRODUCT_BUNDLE_IDENTIFIER = "com.Lime.Detecting-Ambiguous-Layouts";
				PRODUCT_NAME = "$(TARGET_NAME)";
				SWIFT_EMIT_LOC_STRINGS = YES;
				SWIFT_VERSION = 5.0;
				TARGETED_DEVICE_FAMILY = "1,2";
			};
			name = Release;
		};
		3FDAFDB72A30BAE400AEC9E0 /* Debug */ = {
			isa = XCBuildConfiguration;
			buildSettings = {
				ALWAYS_EMBED_SWIFT_STANDARD_LIBRARIES = YES;
				BUNDLE_LOADER = "$(TEST_HOST)";
				CODE_SIGN_STYLE = Automatic;
				CURRENT_PROJECT_VERSION = 1;
				DEVELOPMENT_TEAM = V7TH2GUA8U;
				GENERATE_INFOPLIST_FILE = YES;
				IPHONEOS_DEPLOYMENT_TARGET = 16.4;
				MARKETING_VERSION = 1.0;
				PRODUCT_BUNDLE_IDENTIFIER = "com.Lime.Detecting-Ambiguous-LayoutsTests";
				PRODUCT_NAME = "$(TARGET_NAME)";
				SWIFT_EMIT_LOC_STRINGS = NO;
				SWIFT_VERSION = 5.0;
				TARGETED_DEVICE_FAMILY = "1,2";
				TEST_HOST = "$(BUILT_PRODUCTS_DIR)/Detecting_Ambiguous_Layouts.app/$(BUNDLE_EXECUTABLE_FOLDER_PATH)/Detecting_Ambiguous_Layouts";
			};
			name = Debug;
		};
		3FDAFDB82A30BAE400AEC9E0 /* Release */ = {
			isa = XCBuildConfiguration;
			buildSettings = {
				ALWAYS_EMBED_SWIFT_STANDARD_LIBRARIES = YES;
				BUNDLE_LOADER = "$(TEST_HOST)";
				CODE_SIGN_STYLE = Automatic;
				CURRENT_PROJECT_VERSION = 1;
				DEVELOPMENT_TEAM = V7TH2GUA8U;
				GENERATE_INFOPLIST_FILE = YES;
				IPHONEOS_DEPLOYMENT_TARGET = 16.4;
				MARKETING_VERSION = 1.0;
				PRODUCT_BUNDLE_IDENTIFIER = "com.Lime.Detecting-Ambiguous-LayoutsTests";
				PRODUCT_NAME = "$(TARGET_NAME)";
				SWIFT_EMIT_LOC_STRINGS = NO;
				SWIFT_VERSION = 5.0;
				TARGETED_DEVICE_FAMILY = "1,2";
				TEST_HOST = "$(BUILT_PRODUCTS_DIR)/Detecting_Ambiguous_Layouts.app/$(BUNDLE_EXECUTABLE_FOLDER_PATH)/Detecting_Ambiguous_Layouts";
			};
			name = Release;
		};
		3FDAFDBA2A30BAE400AEC9E0 /* Debug */ = {
			isa = XCBuildConfiguration;
			buildSettings = {
				ALWAYS_EMBED_SWIFT_STANDARD_LIBRARIES = YES;
				CODE_SIGN_STYLE = Automatic;
				CURRENT_PROJECT_VERSION = 1;
				DEVELOPMENT_TEAM = V7TH2GUA8U;
				GENERATE_INFOPLIST_FILE = YES;
				MARKETING_VERSION = 1.0;
				PRODUCT_BUNDLE_IDENTIFIER = "com.Lime.Detecting-Ambiguous-LayoutsUITests";
				PRODUCT_NAME = "$(TARGET_NAME)";
				SWIFT_EMIT_LOC_STRINGS = NO;
				SWIFT_VERSION = 5.0;
				TARGETED_DEVICE_FAMILY = "1,2";
				TEST_TARGET_NAME = Detecting_Ambiguous_Layouts;
			};
			name = Debug;
		};
		3FDAFDBB2A30BAE400AEC9E0 /* Release */ = {
			isa = XCBuildConfiguration;
			buildSettings = {
				ALWAYS_EMBED_SWIFT_STANDARD_LIBRARIES = YES;
				CODE_SIGN_STYLE = Automatic;
				CURRENT_PROJECT_VERSION = 1;
				DEVELOPMENT_TEAM = V7TH2GUA8U;
				GENERATE_INFOPLIST_FILE = YES;
				MARKETING_VERSION = 1.0;
				PRODUCT_BUNDLE_IDENTIFIER = "com.Lime.Detecting-Ambiguous-LayoutsUITests";
				PRODUCT_NAME = "$(TARGET_NAME)";
				SWIFT_EMIT_LOC_STRINGS = NO;
				SWIFT_VERSION = 5.0;
				TARGETED_DEVICE_FAMILY = "1,2";
				TEST_TARGET_NAME = Detecting_Ambiguous_Layouts;
			};
			name = Release;
		};
/* End XCBuildConfiguration section */

/* Begin XCConfigurationList section */
		3FDAFD842A30BAE300AEC9E0 /* Build configuration list for PBXProject "Detecting_Ambiguous_Layouts" */ = {
			isa = XCConfigurationList;
			buildConfigurations = (
				3FDAFDB12A30BAE400AEC9E0 /* Debug */,
				3FDAFDB22A30BAE400AEC9E0 /* Release */,
			);
			defaultConfigurationIsVisible = 0;
			defaultConfigurationName = Release;
		};
		3FDAFDB32A30BAE400AEC9E0 /* Build configuration list for PBXNativeTarget "Detecting_Ambiguous_Layouts" */ = {
			isa = XCConfigurationList;
			buildConfigurations = (
				3FDAFDB42A30BAE400AEC9E0 /* Debug */,
				3FDAFDB52A30BAE400AEC9E0 /* Release */,
			);
			defaultConfigurationIsVisible = 0;
			defaultConfigurationName = Release;
		};
		3FDAFDB62A30BAE400AEC9E0 /* Build configuration list for PBXNativeTarget "Detecting_Ambiguous_LayoutsTests" */ = {
			isa = XCConfigurationList;
			buildConfigurations = (
				3FDAFDB72A30BAE400AEC9E0 /* Debug */,
				3FDAFDB82A30BAE400AEC9E0 /* Release */,
			);
			defaultConfigurationIsVisible = 0;
			defaultConfigurationName = Release;
		};
		3FDAFDB92A30BAE400AEC9E0 /* Build configuration list for PBXNativeTarget "Detecting_Ambiguous_LayoutsUITests" */ = {
			isa = XCConfigurationList;
			buildConfigurations = (
				3FDAFDBA2A30BAE400AEC9E0 /* Debug */,
				3FDAFDBB2A30BAE400AEC9E0 /* Release */,
			);
			defaultConfigurationIsVisible = 0;
			defaultConfigurationName = Release;
		};
/* End XCConfigurationList section */
	};
	rootObject = 3FDAFD812A30BAE300AEC9E0 /* Project object */;
}
