// !$*UTF8*$!
{
	archiveVersion = 1;
	classes = {
	};
	objectVersion = 56;
	objects = {

/* Begin PBXBuildFile section */
		3FDD4C3F2A3730BF0003D421 /* AppDelegate.swift in Sources */ = {isa = PBXBuildFile; fileRef = 3FDD4C3E2A3730BF0003D421 /* AppDelegate.swift */; };
		3FDD4C412A3730BF0003D421 /* SceneDelegate.swift in Sources */ = {isa = PBXBuildFile; fileRef = 3FDD4C402A3730BF0003D421 /* SceneDelegate.swift */; };
		3FDD4C432A3730BF0003D421 /* ViewController.swift in Sources */ = {isa = PBXBuildFile; fileRef = 3FDD4C422A3730BF0003D421 /* ViewController.swift */; };
		3FDD4C462A3730BF0003D421 /* Main.storyboard in Resources */ = {isa = PBXBuildFile; fileRef = 3FDD4C442A3730BF0003D421 /* Main.storyboard */; };
		3FDD4C482A3730C00003D421 /* Assets.xcassets in Resources */ = {isa = PBXBuildFile; fileRef = 3FDD4C472A3730C00003D421 /* Assets.xcassets */; };
		3FDD4C4B2A3730C00003D421 /* LaunchScreen.storyboard in Resources */ = {isa = PBXBuildFile; fileRef = 3FDD4C492A3730C00003D421 /* LaunchScreen.storyboard */; };
		3FDD4C562A3730C00003D421 /* Dynamic_StackViewTests.swift in Sources */ = {isa = PBXBuildFile; fileRef = 3FDD4C552A3730C00003D421 /* Dynamic_StackViewTests.swift */; };
		3FDD4C602A3730C00003D421 /* Dynamic_StackViewUITests.swift in Sources */ = {isa = PBXBuildFile; fileRef = 3FDD4C5F2A3730C00003D421 /* Dynamic_StackViewUITests.swift */; };
		3FDD4C622A3730C00003D421 /* Dynamic_StackViewUITestsLaunchTests.swift in Sources */ = {isa = PBXBuildFile; fileRef = 3FDD4C612A3730C00003D421 /* Dynamic_StackViewUITestsLaunchTests.swift */; };
		3FDD4C6F2A3730E90003D421 /* StackViewController.swift in Sources */ = {isa = PBXBuildFile; fileRef = 3FDD4C6E2A3730E90003D421 /* StackViewController.swift */; };
/* End PBXBuildFile section */

/* Begin PBXContainerItemProxy section */
		3FDD4C522A3730C00003D421 /* PBXContainerItemProxy */ = {
			isa = PBXContainerItemProxy;
			containerPortal = 3FDD4C332A3730BF0003D421 /* Project object */;
			proxyType = 1;
			remoteGlobalIDString = 3FDD4C3A2A3730BF0003D421;
			remoteInfo = Dynamic_StackView;
		};
		3FDD4C5C2A3730C00003D421 /* PBXContainerItemProxy */ = {
			isa = PBXContainerItemProxy;
			containerPortal = 3FDD4C332A3730BF0003D421 /* Project object */;
			proxyType = 1;
			remoteGlobalIDString = 3FDD4C3A2A3730BF0003D421;
			remoteInfo = Dynamic_StackView;
		};
/* End PBXContainerItemProxy section */

/* Begin PBXFileReference section */
		3FDD4C3B2A3730BF0003D421 /* Dynamic_StackView.app */ = {isa = PBXFileReference; explicitFileType = wrapper.application; includeInIndex = 0; path = Dynamic_StackView.app; sourceTree = BUILT_PRODUCTS_DIR; };
		3FDD4C3E2A3730BF0003D421 /* AppDelegate.swift */ = {isa = PBXFileReference; lastKnownFileType = sourcecode.swift; path = AppDelegate.swift; sourceTree = "<group>"; };
		3FDD4C402A3730BF0003D421 /* SceneDelegate.swift */ = {isa = PBXFileReference; lastKnownFileType = sourcecode.swift; path = SceneDelegate.swift; sourceTree = "<group>"; };
		3FDD4C422A3730BF0003D421 /* ViewController.swift */ = {isa = PBXFileReference; lastKnownFileType = sourcecode.swift; path = ViewController.swift; sourceTree = "<group>"; };
		3FDD4C452A3730BF0003D421 /* Base */ = {isa = PBXFileReference; lastKnownFileType = file.storyboard; name = Base; path = Base.lproj/Main.storyboard; sourceTree = "<group>"; };
		3FDD4C472A3730C00003D421 /* Assets.xcassets */ = {isa = PBXFileReference; lastKnownFileType = folder.assetcatalog; path = Assets.xcassets; sourceTree = "<group>"; };
		3FDD4C4A2A3730C00003D421 /* Base */ = {isa = PBXFileReference; lastKnownFileType = file.storyboard; name = Base; path = Base.lproj/LaunchScreen.storyboard; sourceTree = "<group>"; };
		3FDD4C4C2A3730C00003D421 /* Info.plist */ = {isa = PBXFileReference; lastKnownFileType = text.plist.xml; path = Info.plist; sourceTree = "<group>"; };
		3FDD4C512A3730C00003D421 /* Dynamic_StackViewTests.xctest */ = {isa = PBXFileReference; explicitFileType = wrapper.cfbundle; includeInIndex = 0; path = Dynamic_StackViewTests.xctest; sourceTree = BUILT_PRODUCTS_DIR; };
		3FDD4C552A3730C00003D421 /* Dynamic_StackViewTests.swift */ = {isa = PBXFileReference; lastKnownFileType = sourcecode.swift; path = Dynamic_StackViewTests.swift; sourceTree = "<group>"; };
		3FDD4C5B2A3730C00003D421 /* Dynamic_StackViewUITests.xctest */ = {isa = PBXFileReference; explicitFileType = wrapper.cfbundle; includeInIndex = 0; path = Dynamic_StackViewUITests.xctest; sourceTree = BUILT_PRODUCTS_DIR; };
		3FDD4C5F2A3730C00003D421 /* Dynamic_StackViewUITests.swift */ = {isa = PBXFileReference; lastKnownFileType = sourcecode.swift; path = Dynamic_StackViewUITests.swift; sourceTree = "<group>"; };
		3FDD4C612A3730C00003D421 /* Dynamic_StackViewUITestsLaunchTests.swift */ = {isa = PBXFileReference; lastKnownFileType = sourcecode.swift; path = Dynamic_StackViewUITestsLaunchTests.swift; sourceTree = "<group>"; };
		3FDD4C6E2A3730E90003D421 /* StackViewController.swift */ = {isa = PBXFileReference; lastKnownFileType = sourcecode.swift; path = StackViewController.swift; sourceTree = "<group>"; };
/* End PBXFileReference section */

/* Begin PBXFrameworksBuildPhase section */
		3FDD4C382A3730BF0003D421 /* Frameworks */ = {
			isa = PBXFrameworksBuildPhase;
			buildActionMask = 2147483647;
			files = (
			);
			runOnlyForDeploymentPostprocessing = 0;
		};
		3FDD4C4E2A3730C00003D421 /* Frameworks */ = {
			isa = PBXFrameworksBuildPhase;
			buildActionMask = 2147483647;
			files = (
			);
			runOnlyForDeploymentPostprocessing = 0;
		};
		3FDD4C582A3730C00003D421 /* Frameworks */ = {
			isa = PBXFrameworksBuildPhase;
			buildActionMask = 2147483647;
			files = (
			);
			runOnlyForDeploymentPostprocessing = 0;
		};
/* End PBXFrameworksBuildPhase section */

/* Begin PBXGroup section */
		3FDD4C322A3730BF0003D421 = {
			isa = PBXGroup;
			children = (
				3FDD4C3D2A3730BF0003D421 /* Dynamic_StackView */,
				3FDD4C542A3730C00003D421 /* Dynamic_StackViewTests */,
				3FDD4C5E2A3730C00003D421 /* Dynamic_StackViewUITests */,
				3FDD4C3C2A3730BF0003D421 /* Products */,
			);
			sourceTree = "<group>";
		};
		3FDD4C3C2A3730BF0003D421 /* Products */ = {
			isa = PBXGroup;
			children = (
				3FDD4C3B2A3730BF0003D421 /* Dynamic_StackView.app */,
				3FDD4C512A3730C00003D421 /* Dynamic_StackViewTests.xctest */,
				3FDD4C5B2A3730C00003D421 /* Dynamic_StackViewUITests.xctest */,
			);
			name = Products;
			sourceTree = "<group>";
		};
		3FDD4C3D2A3730BF0003D421 /* Dynamic_StackView */ = {
			isa = PBXGroup;
			children = (
				3FDD4C3E2A3730BF0003D421 /* AppDelegate.swift */,
				3FDD4C402A3730BF0003D421 /* SceneDelegate.swift */,
				3FDD4C422A3730BF0003D421 /* ViewController.swift */,
				3FDD4C6E2A3730E90003D421 /* StackViewController.swift */,
				3FDD4C442A3730BF0003D421 /* Main.storyboard */,
				3FDD4C472A3730C00003D421 /* Assets.xcassets */,
				3FDD4C492A3730C00003D421 /* LaunchScreen.storyboard */,
				3FDD4C4C2A3730C00003D421 /* Info.plist */,
			);
			path = Dynamic_StackView;
			sourceTree = "<group>";
		};
		3FDD4C542A3730C00003D421 /* Dynamic_StackViewTests */ = {
			isa = PBXGroup;
			children = (
				3FDD4C552A3730C00003D421 /* Dynamic_StackViewTests.swift */,
			);
			path = Dynamic_StackViewTests;
			sourceTree = "<group>";
		};
		3FDD4C5E2A3730C00003D421 /* Dynamic_StackViewUITests */ = {
			isa = PBXGroup;
			children = (
				3FDD4C5F2A3730C00003D421 /* Dynamic_StackViewUITests.swift */,
				3FDD4C612A3730C00003D421 /* Dynamic_StackViewUITestsLaunchTests.swift */,
			);
			path = Dynamic_StackViewUITests;
			sourceTree = "<group>";
		};
/* End PBXGroup section */

/* Begin PBXNativeTarget section */
		3FDD4C3A2A3730BF0003D421 /* Dynamic_StackView */ = {
			isa = PBXNativeTarget;
			buildConfigurationList = 3FDD4C652A3730C00003D421 /* Build configuration list for PBXNativeTarget "Dynamic_StackView" */;
			buildPhases = (
				3FDD4C372A3730BF0003D421 /* Sources */,
				3FDD4C382A3730BF0003D421 /* Frameworks */,
				3FDD4C392A3730BF0003D421 /* Resources */,
			);
			buildRules = (
			);
			dependencies = (
			);
			name = Dynamic_StackView;
			productName = Dynamic_StackView;
			productReference = 3FDD4C3B2A3730BF0003D421 /* Dynamic_StackView.app */;
			productType = "com.apple.product-type.application";
		};
		3FDD4C502A3730C00003D421 /* Dynamic_StackViewTests */ = {
			isa = PBXNativeTarget;
			buildConfigurationList = 3FDD4C682A3730C00003D421 /* Build configuration list for PBXNativeTarget "Dynamic_StackViewTests" */;
			buildPhases = (
				3FDD4C4D2A3730C00003D421 /* Sources */,
				3FDD4C4E2A3730C00003D421 /* Frameworks */,
				3FDD4C4F2A3730C00003D421 /* Resources */,
			);
			buildRules = (
			);
			dependencies = (
				3FDD4C532A3730C00003D421 /* PBXTargetDependency */,
			);
			name = Dynamic_StackViewTests;
			productName = Dynamic_StackViewTests;
			productReference = 3FDD4C512A3730C00003D421 /* Dynamic_StackViewTests.xctest */;
			productType = "com.apple.product-type.bundle.unit-test";
		};
		3FDD4C5A2A3730C00003D421 /* Dynamic_StackViewUITests */ = {
			isa = PBXNativeTarget;
			buildConfigurationList = 3FDD4C6B2A3730C00003D421 /* Build configuration list for PBXNativeTarget "Dynamic_StackViewUITests" */;
			buildPhases = (
				3FDD4C572A3730C00003D421 /* Sources */,
				3FDD4C582A3730C00003D421 /* Frameworks */,
				3FDD4C592A3730C00003D421 /* Resources */,
			);
			buildRules = (
			);
			dependencies = (
				3FDD4C5D2A3730C00003D421 /* PBXTargetDependency */,
			);
			name = Dynamic_StackViewUITests;
			productName = Dynamic_StackViewUITests;
			productReference = 3FDD4C5B2A3730C00003D421 /* Dynamic_StackViewUITests.xctest */;
			productType = "com.apple.product-type.bundle.ui-testing";
		};
/* End PBXNativeTarget section */

/* Begin PBXProject section */
		3FDD4C332A3730BF0003D421 /* Project object */ = {
			isa = PBXProject;
			attributes = {
				BuildIndependentTargetsInParallel = 1;
				LastSwiftUpdateCheck = 1430;
				LastUpgradeCheck = 1430;
				TargetAttributes = {
					3FDD4C3A2A3730BF0003D421 = {
						CreatedOnToolsVersion = 14.3.1;
					};
					3FDD4C502A3730C00003D421 = {
						CreatedOnToolsVersion = 14.3.1;
						TestTargetID = 3FDD4C3A2A3730BF0003D421;
					};
					3FDD4C5A2A3730C00003D421 = {
						CreatedOnToolsVersion = 14.3.1;
						TestTargetID = 3FDD4C3A2A3730BF0003D421;
					};
				};
			};
			buildConfigurationList = 3FDD4C362A3730BF0003D421 /* Build configuration list for PBXProject "Dynamic_StackView" */;
			compatibilityVersion = "Xcode 14.0";
			developmentRegion = en;
			hasScannedForEncodings = 0;
			knownRegions = (
				en,
				Base,
			);
			mainGroup = 3FDD4C322A3730BF0003D421;
			productRefGroup = 3FDD4C3C2A3730BF0003D421 /* Products */;
			projectDirPath = "";
			projectRoot = "";
			targets = (
				3FDD4C3A2A3730BF0003D421 /* Dynamic_StackView */,
				3FDD4C502A3730C00003D421 /* Dynamic_StackViewTests */,
				3FDD4C5A2A3730C00003D421 /* Dynamic_StackViewUITests */,
			);
		};
/* End PBXProject section */

/* Begin PBXResourcesBuildPhase section */
		3FDD4C392A3730BF0003D421 /* Resources */ = {
			isa = PBXResourcesBuildPhase;
			buildActionMask = 2147483647;
			files = (
				3FDD4C4B2A3730C00003D421 /* LaunchScreen.storyboard in Resources */,
				3FDD4C482A3730C00003D421 /* Assets.xcassets in Resources */,
				3FDD4C462A3730BF0003D421 /* Main.storyboard in Resources */,
			);
			runOnlyForDeploymentPostprocessing = 0;
		};
		3FDD4C4F2A3730C00003D421 /* Resources */ = {
			isa = PBXResourcesBuildPhase;
			buildActionMask = 2147483647;
			files = (
			);
			runOnlyForDeploymentPostprocessing = 0;
		};
		3FDD4C592A3730C00003D421 /* Resources */ = {
			isa = PBXResourcesBuildPhase;
			buildActionMask = 2147483647;
			files = (
			);
			runOnlyForDeploymentPostprocessing = 0;
		};
/* End PBXResourcesBuildPhase section */

/* Begin PBXSourcesBuildPhase section */
		3FDD4C372A3730BF0003D421 /* Sources */ = {
			isa = PBXSourcesBuildPhase;
			buildActionMask = 2147483647;
			files = (
				3FDD4C432A3730BF0003D421 /* ViewController.swift in Sources */,
				3FDD4C6F2A3730E90003D421 /* StackViewController.swift in Sources */,
				3FDD4C3F2A3730BF0003D421 /* AppDelegate.swift in Sources */,
				3FDD4C412A3730BF0003D421 /* SceneDelegate.swift in Sources */,
			);
			runOnlyForDeploymentPostprocessing = 0;
		};
		3FDD4C4D2A3730C00003D421 /* Sources */ = {
			isa = PBXSourcesBuildPhase;
			buildActionMask = 2147483647;
			files = (
				3FDD4C562A3730C00003D421 /* Dynamic_StackViewTests.swift in Sources */,
			);
			runOnlyForDeploymentPostprocessing = 0;
		};
		3FDD4C572A3730C00003D421 /* Sources */ = {
			isa = PBXSourcesBuildPhase;
			buildActionMask = 2147483647;
			files = (
				3FDD4C622A3730C00003D421 /* Dynamic_StackViewUITestsLaunchTests.swift in Sources */,
				3FDD4C602A3730C00003D421 /* Dynamic_StackViewUITests.swift in Sources */,
			);
			runOnlyForDeploymentPostprocessing = 0;
		};
/* End PBXSourcesBuildPhase section */

/* Begin PBXTargetDependency section */
		3FDD4C532A3730C00003D421 /* PBXTargetDependency */ = {
			isa = PBXTargetDependency;
			target = 3FDD4C3A2A3730BF0003D421 /* Dynamic_StackView */;
			targetProxy = 3FDD4C522A3730C00003D421 /* PBXContainerItemProxy */;
		};
		3FDD4C5D2A3730C00003D421 /* PBXTargetDependency */ = {
			isa = PBXTargetDependency;
			target = 3FDD4C3A2A3730BF0003D421 /* Dynamic_StackView */;
			targetProxy = 3FDD4C5C2A3730C00003D421 /* PBXContainerItemProxy */;
		};
/* End PBXTargetDependency section */

/* Begin PBXVariantGroup section */
		3FDD4C442A3730BF0003D421 /* Main.storyboard */ = {
			isa = PBXVariantGroup;
			children = (
				3FDD4C452A3730BF0003D421 /* Base */,
			);
			name = Main.storyboard;
			sourceTree = "<group>";
		};
		3FDD4C492A3730C00003D421 /* LaunchScreen.storyboard */ = {
			isa = PBXVariantGroup;
			children = (
				3FDD4C4A2A3730C00003D421 /* Base */,
			);
			name = LaunchScreen.storyboard;
			sourceTree = "<group>";
		};
/* End PBXVariantGroup section */

/* Begin XCBuildConfiguration section */
		3FDD4C632A3730C00003D421 /* Debug */ = {
			isa = XCBuildConfiguration;
			buildSettings = {
				ALWAYS_SEARCH_USER_PATHS = NO;
				CLANG_ANALYZER_NONNULL = YES;
				CLANG_ANALYZER_NUMBER_OBJECT_CONVERSION = YES_AGGRESSIVE;
				CLANG_CXX_LANGUAGE_STANDARD = "gnu++20";
				CLANG_ENABLE_MODULES = YES;
				CLANG_ENABLE_OBJC_ARC = YES;
				CLANG_ENABLE_OBJC_WEAK = YES;
				CLANG_WARN_BLOCK_CAPTURE_AUTORELEASING = YES;
				CLANG_WARN_BOOL_CONVERSION = YES;
				CLANG_WARN_COMMA = YES;
				CLANG_WARN_CONSTANT_CONVERSION = YES;
				CLANG_WARN_DEPRECATED_OBJC_IMPLEMENTATIONS = YES;
				CLANG_WARN_DIRECT_OBJC_ISA_USAGE = YES_ERROR;
				CLANG_WARN_DOCUMENTATION_COMMENTS = YES;
				CLANG_WARN_EMPTY_BODY = YES;
				CLANG_WARN_ENUM_CONVERSION = YES;
				CLANG_WARN_INFINITE_RECURSION = YES;
				CLANG_WARN_INT_CONVERSION = YES;
				CLANG_WARN_NON_LITERAL_NULL_CONVERSION = YES;
				CLANG_WARN_OBJC_IMPLICIT_RETAIN_SELF = YES;
				CLANG_WARN_OBJC_LITERAL_CONVERSION = YES;
				CLANG_WARN_OBJC_ROOT_CLASS = YES_ERROR;
				CLANG_WARN_QUOTED_INCLUDE_IN_FRAMEWORK_HEADER = YES;
				CLANG_WARN_RANGE_LOOP_ANALYSIS = YES;
				CLANG_WARN_STRICT_PROTOTYPES = YES;
				CLANG_WARN_SUSPICIOUS_MOVE = YES;
				CLANG_WARN_UNGUARDED_AVAILABILITY = YES_AGGRESSIVE;
				CLANG_WARN_UNREACHABLE_CODE = YES;
				CLANG_WARN__DUPLICATE_METHOD_MATCH = YES;
				COPY_PHASE_STRIP = NO;
				DEBUG_INFORMATION_FORMAT = dwarf;
				ENABLE_STRICT_OBJC_MSGSEND = YES;
				ENABLE_TESTABILITY = YES;
				GCC_C_LANGUAGE_STANDARD = gnu11;
				GCC_DYNAMIC_NO_PIC = NO;
				GCC_NO_COMMON_BLOCKS = YES;
				GCC_OPTIMIZATION_LEVEL = 0;
				GCC_PREPROCESSOR_DEFINITIONS = (
					"DEBUG=1",
					"$(inherited)",
				);
				GCC_WARN_64_TO_32_BIT_CONVERSION = YES;
				GCC_WARN_ABOUT_RETURN_TYPE = YES_ERROR;
				GCC_WARN_UNDECLARED_SELECTOR = YES;
				GCC_WARN_UNINITIALIZED_AUTOS = YES_AGGRESSIVE;
				GCC_WARN_UNUSED_FUNCTION = YES;
				GCC_WARN_UNUSED_VARIABLE = YES;
				IPHONEOS_DEPLOYMENT_TARGET = 16.4;
				MTL_ENABLE_DEBUG_INFO = INCLUDE_SOURCE;
				MTL_FAST_MATH = YES;
				ONLY_ACTIVE_ARCH = YES;
				SDKROOT = iphoneos;
				SWIFT_ACTIVE_COMPILATION_CONDITIONS = DEBUG;
				SWIFT_OPTIMIZATION_LEVEL = "-Onone";
			};
			name = Debug;
		};
		3FDD4C642A3730C00003D421 /* Release */ = {
			isa = XCBuildConfiguration;
			buildSettings = {
				ALWAYS_SEARCH_USER_PATHS = NO;
				CLANG_ANALYZER_NONNULL = YES;
				CLANG_ANALYZER_NUMBER_OBJECT_CONVERSION = YES_AGGRESSIVE;
				CLANG_CXX_LANGUAGE_STANDARD = "gnu++20";
				CLANG_ENABLE_MODULES = YES;
				CLANG_ENABLE_OBJC_ARC = YES;
				CLANG_ENABLE_OBJC_WEAK = YES;
				CLANG_WARN_BLOCK_CAPTURE_AUTORELEASING = YES;
				CLANG_WARN_BOOL_CONVERSION = YES;
				CLANG_WARN_COMMA = YES;
				CLANG_WARN_CONSTANT_CONVERSION = YES;
				CLANG_WARN_DEPRECATED_OBJC_IMPLEMENTATIONS = YES;
				CLANG_WARN_DIRECT_OBJC_ISA_USAGE = YES_ERROR;
				CLANG_WARN_DOCUMENTATION_COMMENTS = YES;
				CLANG_WARN_EMPTY_BODY = YES;
				CLANG_WARN_ENUM_CONVERSION = YES;
				CLANG_WARN_INFINITE_RECURSION = YES;
				CLANG_WARN_INT_CONVERSION = YES;
				CLANG_WARN_NON_LITERAL_NULL_CONVERSION = YES;
				CLANG_WARN_OBJC_IMPLICIT_RETAIN_SELF = YES;
				CLANG_WARN_OBJC_LITERAL_CONVERSION = YES;
				CLANG_WARN_OBJC_ROOT_CLASS = YES_ERROR;
				CLANG_WARN_QUOTED_INCLUDE_IN_FRAMEWORK_HEADER = YES;
				CLANG_WARN_RANGE_LOOP_ANALYSIS = YES;
				CLANG_WARN_STRICT_PROTOTYPES = YES;
				CLANG_WARN_SUSPICIOUS_MOVE = YES;
				CLANG_WARN_UNGUARDED_AVAILABILITY = YES_AGGRESSIVE;
				CLANG_WARN_UNREACHABLE_CODE = YES;
				CLANG_WARN__DUPLICATE_METHOD_MATCH = YES;
				COPY_PHASE_STRIP = NO;
				DEBUG_INFORMATION_FORMAT = "dwarf-with-dsym";
				ENABLE_NS_ASSERTIONS = NO;
				ENABLE_STRICT_OBJC_MSGSEND = YES;
				GCC_C_LANGUAGE_STANDARD = gnu11;
				GCC_NO_COMMON_BLOCKS = YES;
				GCC_WARN_64_TO_32_BIT_CONVERSION = YES;
				GCC_WARN_ABOUT_RETURN_TYPE = YES_ERROR;
				GCC_WARN_UNDECLARED_SELECTOR = YES;
				GCC_WARN_UNINITIALIZED_AUTOS = YES_AGGRESSIVE;
				GCC_WARN_UNUSED_FUNCTION = YES;
				GCC_WARN_UNUSED_VARIABLE = YES;
				IPHONEOS_DEPLOYMENT_TARGET = 16.4;
				MTL_ENABLE_DEBUG_INFO = NO;
				MTL_FAST_MATH = YES;
				SDKROOT = iphoneos;
				SWIFT_COMPILATION_MODE = wholemodule;
				SWIFT_OPTIMIZATION_LEVEL = "-O";
				VALIDATE_PRODUCT = YES;
			};
			name = Release;
		};
		3FDD4C662A3730C00003D421 /* Debug */ = {
			isa = XCBuildConfiguration;
			buildSettings = {
				ASSETCATALOG_COMPILER_APPICON_NAME = AppIcon;
				ASSETCATALOG_COMPILER_GLOBAL_ACCENT_COLOR_NAME = AccentColor;
				CODE_SIGN_STYLE = Automatic;
				CURRENT_PROJECT_VERSION = 1;
				DEVELOPMENT_TEAM = V7TH2GUA8U;
				GENERATE_INFOPLIST_FILE = YES;
				INFOPLIST_FILE = Dynamic_StackView/Info.plist;
				INFOPLIST_KEY_UIApplicationSupportsIndirectInputEvents = YES;
				INFOPLIST_KEY_UILaunchStoryboardName = LaunchScreen;
				INFOPLIST_KEY_UIMainStoryboardFile = Main;
				INFOPLIST_KEY_UISupportedInterfaceOrientations_iPad = "UIInterfaceOrientationPortrait UIInterfaceOrientationPortraitUpsideDown UIInterfaceOrientationLandscapeLeft UIInterfaceOrientationLandscapeRight";
				INFOPLIST_KEY_UISupportedInterfaceOrientations_iPhone = "UIInterfaceOrientationPortrait UIInterfaceOrientationLandscapeLeft UIInterfaceOrientationLandscapeRight";
				LD_RUNPATH_SEARCH_PATHS = (
					"$(inherited)",
					"@executable_path/Frameworks",
				);
				MARKETING_VERSION = 1.0;
				PRODUCT_BUNDLE_IDENTIFIER = "com.Lime.Dynamic-StackView";
				PRODUCT_NAME = "$(TARGET_NAME)";
				SWIFT_EMIT_LOC_STRINGS = YES;
				SWIFT_VERSION = 5.0;
				TARGETED_DEVICE_FAMILY = "1,2";
			};
			name = Debug;
		};
		3FDD4C672A3730C00003D421 /* Release */ = {
			isa = XCBuildConfiguration;
			buildSettings = {
				ASSETCATALOG_COMPILER_APPICON_NAME = AppIcon;
				ASSETCATALOG_COMPILER_GLOBAL_ACCENT_COLOR_NAME = AccentColor;
				CODE_SIGN_STYLE = Automatic;
				CURRENT_PROJECT_VERSION = 1;
				DEVELOPMENT_TEAM = V7TH2GUA8U;
				GENERATE_INFOPLIST_FILE = YES;
				INFOPLIST_FILE = Dynamic_StackView/Info.plist;
				INFOPLIST_KEY_UIApplicationSupportsIndirectInputEvents = YES;
				INFOPLIST_KEY_UILaunchStoryboardName = LaunchScreen;
				INFOPLIST_KEY_UIMainStoryboardFile = Main;
				INFOPLIST_KEY_UISupportedInterfaceOrientations_iPad = "UIInterfaceOrientationPortrait UIInterfaceOrientationPortraitUpsideDown UIInterfaceOrientationLandscapeLeft UIInterfaceOrientationLandscapeRight";
				INFOPLIST_KEY_UISupportedInterfaceOrientations_iPhone = "UIInterfaceOrientationPortrait UIInterfaceOrientationLandscapeLeft UIInterfaceOrientationLandscapeRight";
				LD_RUNPATH_SEARCH_PATHS = (
					"$(inherited)",
					"@executable_path/Frameworks",
				);
				MARKETING_VERSION = 1.0;
				PRODUCT_BUNDLE_IDENTIFIER = "com.Lime.Dynamic-StackView";
				PRODUCT_NAME = "$(TARGET_NAME)";
				SWIFT_EMIT_LOC_STRINGS = YES;
				SWIFT_VERSION = 5.0;
				TARGETED_DEVICE_FAMILY = "1,2";
			};
			name = Release;
		};
		3FDD4C692A3730C00003D421 /* Debug */ = {
			isa = XCBuildConfiguration;
			buildSettings = {
				ALWAYS_EMBED_SWIFT_STANDARD_LIBRARIES = YES;
				BUNDLE_LOADER = "$(TEST_HOST)";
				CODE_SIGN_STYLE = Automatic;
				CURRENT_PROJECT_VERSION = 1;
				DEVELOPMENT_TEAM = V7TH2GUA8U;
				GENERATE_INFOPLIST_FILE = YES;
				IPHONEOS_DEPLOYMENT_TARGET = 16.4;
				MARKETING_VERSION = 1.0;
				PRODUCT_BUNDLE_IDENTIFIER = "com.Lime.Dynamic-StackViewTests";
				PRODUCT_NAME = "$(TARGET_NAME)";
				SWIFT_EMIT_LOC_STRINGS = NO;
				SWIFT_VERSION = 5.0;
				TARGETED_DEVICE_FAMILY = "1,2";
				TEST_HOST = "$(BUILT_PRODUCTS_DIR)/Dynamic_StackView.app/$(BUNDLE_EXECUTABLE_FOLDER_PATH)/Dynamic_StackView";
			};
			name = Debug;
		};
		3FDD4C6A2A3730C00003D421 /* Release */ = {
			isa = XCBuildConfiguration;
			buildSettings = {
				ALWAYS_EMBED_SWIFT_STANDARD_LIBRARIES = YES;
				BUNDLE_LOADER = "$(TEST_HOST)";
				CODE_SIGN_STYLE = Automatic;
				CURRENT_PROJECT_VERSION = 1;
				DEVELOPMENT_TEAM = V7TH2GUA8U;
				GENERATE_INFOPLIST_FILE = YES;
				IPHONEOS_DEPLOYMENT_TARGET = 16.4;
				MARKETING_VERSION = 1.0;
				PRODUCT_BUNDLE_IDENTIFIER = "com.Lime.Dynamic-StackViewTests";
				PRODUCT_NAME = "$(TARGET_NAME)";
				SWIFT_EMIT_LOC_STRINGS = NO;
				SWIFT_VERSION = 5.0;
				TARGETED_DEVICE_FAMILY = "1,2";
				TEST_HOST = "$(BUILT_PRODUCTS_DIR)/Dynamic_StackView.app/$(BUNDLE_EXECUTABLE_FOLDER_PATH)/Dynamic_StackView";
			};
			name = Release;
		};
		3FDD4C6C2A3730C00003D421 /* Debug */ = {
			isa = XCBuildConfiguration;
			buildSettings = {
				ALWAYS_EMBED_SWIFT_STANDARD_LIBRARIES = YES;
				CODE_SIGN_STYLE = Automatic;
				CURRENT_PROJECT_VERSION = 1;
				DEVELOPMENT_TEAM = V7TH2GUA8U;
				GENERATE_INFOPLIST_FILE = YES;
				MARKETING_VERSION = 1.0;
				PRODUCT_BUNDLE_IDENTIFIER = "com.Lime.Dynamic-StackViewUITests";
				PRODUCT_NAME = "$(TARGET_NAME)";
				SWIFT_EMIT_LOC_STRINGS = NO;
				SWIFT_VERSION = 5.0;
				TARGETED_DEVICE_FAMILY = "1,2";
				TEST_TARGET_NAME = Dynamic_StackView;
			};
			name = Debug;
		};
		3FDD4C6D2A3730C00003D421 /* Release */ = {
			isa = XCBuildConfiguration;
			buildSettings = {
				ALWAYS_EMBED_SWIFT_STANDARD_LIBRARIES = YES;
				CODE_SIGN_STYLE = Automatic;
				CURRENT_PROJECT_VERSION = 1;
				DEVELOPMENT_TEAM = V7TH2GUA8U;
				GENERATE_INFOPLIST_FILE = YES;
				MARKETING_VERSION = 1.0;
				PRODUCT_BUNDLE_IDENTIFIER = "com.Lime.Dynamic-StackViewUITests";
				PRODUCT_NAME = "$(TARGET_NAME)";
				SWIFT_EMIT_LOC_STRINGS = NO;
				SWIFT_VERSION = 5.0;
				TARGETED_DEVICE_FAMILY = "1,2";
				TEST_TARGET_NAME = Dynamic_StackView;
			};
			name = Release;
		};
/* End XCBuildConfiguration section */

/* Begin XCConfigurationList section */
		3FDD4C362A3730BF0003D421 /* Build configuration list for PBXProject "Dynamic_StackView" */ = {
			isa = XCConfigurationList;
			buildConfigurations = (
				3FDD4C632A3730C00003D421 /* Debug */,
				3FDD4C642A3730C00003D421 /* Release */,
			);
			defaultConfigurationIsVisible = 0;
			defaultConfigurationName = Release;
		};
		3FDD4C652A3730C00003D421 /* Build configuration list for PBXNativeTarget "Dynamic_StackView" */ = {
			isa = XCConfigurationList;
			buildConfigurations = (
				3FDD4C662A3730C00003D421 /* Debug */,
				3FDD4C672A3730C00003D421 /* Release */,
			);
			defaultConfigurationIsVisible = 0;
			defaultConfigurationName = Release;
		};
		3FDD4C682A3730C00003D421 /* Build configuration list for PBXNativeTarget "Dynamic_StackViewTests" */ = {
			isa = XCConfigurationList;
			buildConfigurations = (
				3FDD4C692A3730C00003D421 /* Debug */,
				3FDD4C6A2A3730C00003D421 /* Release */,
			);
			defaultConfigurationIsVisible = 0;
			defaultConfigurationName = Release;
		};
		3FDD4C6B2A3730C00003D421 /* Build configuration list for PBXNativeTarget "Dynamic_StackViewUITests" */ = {
			isa = XCConfigurationList;
			buildConfigurations = (
				3FDD4C6C2A3730C00003D421 /* Debug */,
				3FDD4C6D2A3730C00003D421 /* Release */,
			);
			defaultConfigurationIsVisible = 0;
			defaultConfigurationName = Release;
		};
/* End XCConfigurationList section */
	};
	rootObject = 3FDD4C332A3730BF0003D421 /* Project object */;
}
