// !$*UTF8*$!
{
	archiveVersion = 1;
	classes = {
	};
	objectVersion = 56;
	objects = {

/* Begin PBXBuildFile section */
		3FD8BF232A09DA9900BBA721 /* AppDelegate.swift in Sources */ = {isa = PBXBuildFile; fileRef = 3FD8BF222A09DA9900BBA721 /* AppDelegate.swift */; };
		3FD8BF252A09DA9900BBA721 /* SceneDelegate.swift in Sources */ = {isa = PBXBuildFile; fileRef = 3FD8BF242A09DA9900BBA721 /* SceneDelegate.swift */; };
		3FD8BF272A09DA9900BBA721 /* ViewController.swift in Sources */ = {isa = PBXBuildFile; fileRef = 3FD8BF262A09DA9900BBA721 /* ViewController.swift */; };
		3FD8BF2A2A09DA9900BBA721 /* Main.storyboard in Resources */ = {isa = PBXBuildFile; fileRef = 3FD8BF282A09DA9900BBA721 /* Main.storyboard */; };
		3FD8BF2C2A09DA9900BBA721 /* Assets.xcassets in Resources */ = {isa = PBXBuildFile; fileRef = 3FD8BF2B2A09DA9900BBA721 /* Assets.xcassets */; };
		3FD8BF2F2A09DA9900BBA721 /* LaunchScreen.storyboard in Resources */ = {isa = PBXBuildFile; fileRef = 3FD8BF2D2A09DA9900BBA721 /* LaunchScreen.storyboard */; };
		3FD8BF3A2A09DA9900BBA721 /* No_Assistant_ResultsTests.swift in Sources */ = {isa = PBXBuildFile; fileRef = 3FD8BF392A09DA9900BBA721 /* No_Assistant_ResultsTests.swift */; };
		3FD8BF442A09DA9900BBA721 /* No_Assistant_ResultsUITests.swift in Sources */ = {isa = PBXBuildFile; fileRef = 3FD8BF432A09DA9900BBA721 /* No_Assistant_ResultsUITests.swift */; };
		3FD8BF462A09DA9900BBA721 /* No_Assistant_ResultsUITestsLaunchTests.swift in Sources */ = {isa = PBXBuildFile; fileRef = 3FD8BF452A09DA9900BBA721 /* No_Assistant_ResultsUITestsLaunchTests.swift */; };
/* End PBXBuildFile section */

/* Begin PBXContainerItemProxy section */
		3FD8BF362A09DA9900BBA721 /* PBXContainerItemProxy */ = {
			isa = PBXContainerItemProxy;
			containerPortal = 3FD8BF172A09DA9900BBA721 /* Project object */;
			proxyType = 1;
			remoteGlobalIDString = 3FD8BF1E2A09DA9900BBA721;
			remoteInfo = No_Assistant_Results;
		};
		3FD8BF402A09DA9900BBA721 /* PBXContainerItemProxy */ = {
			isa = PBXContainerItemProxy;
			containerPortal = 3FD8BF172A09DA9900BBA721 /* Project object */;
			proxyType = 1;
			remoteGlobalIDString = 3FD8BF1E2A09DA9900BBA721;
			remoteInfo = No_Assistant_Results;
		};
/* End PBXContainerItemProxy section */

/* Begin PBXFileReference section */
		3FD8BF1F2A09DA9900BBA721 /* No_Assistant_Results.app */ = {isa = PBXFileReference; explicitFileType = wrapper.application; includeInIndex = 0; path = No_Assistant_Results.app; sourceTree = BUILT_PRODUCTS_DIR; };
		3FD8BF222A09DA9900BBA721 /* AppDelegate.swift */ = {isa = PBXFileReference; lastKnownFileType = sourcecode.swift; path = AppDelegate.swift; sourceTree = "<group>"; };
		3FD8BF242A09DA9900BBA721 /* SceneDelegate.swift */ = {isa = PBXFileReference; lastKnownFileType = sourcecode.swift; path = SceneDelegate.swift; sourceTree = "<group>"; };
		3FD8BF262A09DA9900BBA721 /* ViewController.swift */ = {isa = PBXFileReference; lastKnownFileType = sourcecode.swift; path = ViewController.swift; sourceTree = "<group>"; };
		3FD8BF292A09DA9900BBA721 /* Base */ = {isa = PBXFileReference; lastKnownFileType = file.storyboard; name = Base; path = Base.lproj/Main.storyboard; sourceTree = "<group>"; };
		3FD8BF2B2A09DA9900BBA721 /* Assets.xcassets */ = {isa = PBXFileReference; lastKnownFileType = folder.assetcatalog; path = Assets.xcassets; sourceTree = "<group>"; };
		3FD8BF2E2A09DA9900BBA721 /* Base */ = {isa = PBXFileReference; lastKnownFileType = file.storyboard; name = Base; path = Base.lproj/LaunchScreen.storyboard; sourceTree = "<group>"; };
		3FD8BF302A09DA9900BBA721 /* Info.plist */ = {isa = PBXFileReference; lastKnownFileType = text.plist.xml; path = Info.plist; sourceTree = "<group>"; };
		3FD8BF352A09DA9900BBA721 /* No_Assistant_ResultsTests.xctest */ = {isa = PBXFileReference; explicitFileType = wrapper.cfbundle; includeInIndex = 0; path = No_Assistant_ResultsTests.xctest; sourceTree = BUILT_PRODUCTS_DIR; };
		3FD8BF392A09DA9900BBA721 /* No_Assistant_ResultsTests.swift */ = {isa = PBXFileReference; lastKnownFileType = sourcecode.swift; path = No_Assistant_ResultsTests.swift; sourceTree = "<group>"; };
		3FD8BF3F2A09DA9900BBA721 /* No_Assistant_ResultsUITests.xctest */ = {isa = PBXFileReference; explicitFileType = wrapper.cfbundle; includeInIndex = 0; path = No_Assistant_ResultsUITests.xctest; sourceTree = BUILT_PRODUCTS_DIR; };
		3FD8BF432A09DA9900BBA721 /* No_Assistant_ResultsUITests.swift */ = {isa = PBXFileReference; lastKnownFileType = sourcecode.swift; path = No_Assistant_ResultsUITests.swift; sourceTree = "<group>"; };
		3FD8BF452A09DA9900BBA721 /* No_Assistant_ResultsUITestsLaunchTests.swift */ = {isa = PBXFileReference; lastKnownFileType = sourcecode.swift; path = No_Assistant_ResultsUITestsLaunchTests.swift; sourceTree = "<group>"; };
/* End PBXFileReference section */

/* Begin PBXFrameworksBuildPhase section */
		3FD8BF1C2A09DA9900BBA721 /* Frameworks */ = {
			isa = PBXFrameworksBuildPhase;
			buildActionMask = 2147483647;
			files = (
			);
			runOnlyForDeploymentPostprocessing = 0;
		};
		3FD8BF322A09DA9900BBA721 /* Frameworks */ = {
			isa = PBXFrameworksBuildPhase;
			buildActionMask = 2147483647;
			files = (
			);
			runOnlyForDeploymentPostprocessing = 0;
		};
		3FD8BF3C2A09DA9900BBA721 /* Frameworks */ = {
			isa = PBXFrameworksBuildPhase;
			buildActionMask = 2147483647;
			files = (
			);
			runOnlyForDeploymentPostprocessing = 0;
		};
/* End PBXFrameworksBuildPhase section */

/* Begin PBXGroup section */
		3FD8BF162A09DA9900BBA721 = {
			isa = PBXGroup;
			children = (
				3FD8BF212A09DA9900BBA721 /* No_Assistant_Results */,
				3FD8BF382A09DA9900BBA721 /* No_Assistant_ResultsTests */,
				3FD8BF422A09DA9900BBA721 /* No_Assistant_ResultsUITests */,
				3FD8BF202A09DA9900BBA721 /* Products */,
			);
			sourceTree = "<group>";
		};
		3FD8BF202A09DA9900BBA721 /* Products */ = {
			isa = PBXGroup;
			children = (
				3FD8BF1F2A09DA9900BBA721 /* No_Assistant_Results.app */,
				3FD8BF352A09DA9900BBA721 /* No_Assistant_ResultsTests.xctest */,
				3FD8BF3F2A09DA9900BBA721 /* No_Assistant_ResultsUITests.xctest */,
			);
			name = Products;
			sourceTree = "<group>";
		};
		3FD8BF212A09DA9900BBA721 /* No_Assistant_Results */ = {
			isa = PBXGroup;
			children = (
				3FD8BF222A09DA9900BBA721 /* AppDelegate.swift */,
				3FD8BF242A09DA9900BBA721 /* SceneDelegate.swift */,
				3FD8BF262A09DA9900BBA721 /* ViewController.swift */,
				3FD8BF282A09DA9900BBA721 /* Main.storyboard */,
				3FD8BF2B2A09DA9900BBA721 /* Assets.xcassets */,
				3FD8BF2D2A09DA9900BBA721 /* LaunchScreen.storyboard */,
				3FD8BF302A09DA9900BBA721 /* Info.plist */,
			);
			path = No_Assistant_Results;
			sourceTree = "<group>";
		};
		3FD8BF382A09DA9900BBA721 /* No_Assistant_ResultsTests */ = {
			isa = PBXGroup;
			children = (
				3FD8BF392A09DA9900BBA721 /* No_Assistant_ResultsTests.swift */,
			);
			path = No_Assistant_ResultsTests;
			sourceTree = "<group>";
		};
		3FD8BF422A09DA9900BBA721 /* No_Assistant_ResultsUITests */ = {
			isa = PBXGroup;
			children = (
				3FD8BF432A09DA9900BBA721 /* No_Assistant_ResultsUITests.swift */,
				3FD8BF452A09DA9900BBA721 /* No_Assistant_ResultsUITestsLaunchTests.swift */,
			);
			path = No_Assistant_ResultsUITests;
			sourceTree = "<group>";
		};
/* End PBXGroup section */

/* Begin PBXNativeTarget section */
		3FD8BF1E2A09DA9900BBA721 /* No_Assistant_Results */ = {
			isa = PBXNativeTarget;
			buildConfigurationList = 3FD8BF492A09DA9900BBA721 /* Build configuration list for PBXNativeTarget "No_Assistant_Results" */;
			buildPhases = (
				3FD8BF1B2A09DA9900BBA721 /* Sources */,
				3FD8BF1C2A09DA9900BBA721 /* Frameworks */,
				3FD8BF1D2A09DA9900BBA721 /* Resources */,
			);
			buildRules = (
			);
			dependencies = (
			);
			name = No_Assistant_Results;
			productName = No_Assistant_Results;
			productReference = 3FD8BF1F2A09DA9900BBA721 /* No_Assistant_Results.app */;
			productType = "com.apple.product-type.application";
		};
		3FD8BF342A09DA9900BBA721 /* No_Assistant_ResultsTests */ = {
			isa = PBXNativeTarget;
			buildConfigurationList = 3FD8BF4C2A09DA9900BBA721 /* Build configuration list for PBXNativeTarget "No_Assistant_ResultsTests" */;
			buildPhases = (
				3FD8BF312A09DA9900BBA721 /* Sources */,
				3FD8BF322A09DA9900BBA721 /* Frameworks */,
				3FD8BF332A09DA9900BBA721 /* Resources */,
			);
			buildRules = (
			);
			dependencies = (
				3FD8BF372A09DA9900BBA721 /* PBXTargetDependency */,
			);
			name = No_Assistant_ResultsTests;
			productName = No_Assistant_ResultsTests;
			productReference = 3FD8BF352A09DA9900BBA721 /* No_Assistant_ResultsTests.xctest */;
			productType = "com.apple.product-type.bundle.unit-test";
		};
		3FD8BF3E2A09DA9900BBA721 /* No_Assistant_ResultsUITests */ = {
			isa = PBXNativeTarget;
			buildConfigurationList = 3FD8BF4F2A09DA9900BBA721 /* Build configuration list for PBXNativeTarget "No_Assistant_ResultsUITests" */;
			buildPhases = (
				3FD8BF3B2A09DA9900BBA721 /* Sources */,
				3FD8BF3C2A09DA9900BBA721 /* Frameworks */,
				3FD8BF3D2A09DA9900BBA721 /* Resources */,
			);
			buildRules = (
			);
			dependencies = (
				3FD8BF412A09DA9900BBA721 /* PBXTargetDependency */,
			);
			name = No_Assistant_ResultsUITests;
			productName = No_Assistant_ResultsUITests;
			productReference = 3FD8BF3F2A09DA9900BBA721 /* No_Assistant_ResultsUITests.xctest */;
			productType = "com.apple.product-type.bundle.ui-testing";
		};
/* End PBXNativeTarget section */

/* Begin PBXProject section */
		3FD8BF172A09DA9900BBA721 /* Project object */ = {
			isa = PBXProject;
			attributes = {
				BuildIndependentTargetsInParallel = 1;
				LastSwiftUpdateCheck = 1430;
				LastUpgradeCheck = 1430;
				TargetAttributes = {
					3FD8BF1E2A09DA9900BBA721 = {
						CreatedOnToolsVersion = 14.3;
					};
					3FD8BF342A09DA9900BBA721 = {
						CreatedOnToolsVersion = 14.3;
						TestTargetID = 3FD8BF1E2A09DA9900BBA721;
					};
					3FD8BF3E2A09DA9900BBA721 = {
						CreatedOnToolsVersion = 14.3;
						TestTargetID = 3FD8BF1E2A09DA9900BBA721;
					};
				};
			};
			buildConfigurationList = 3FD8BF1A2A09DA9900BBA721 /* Build configuration list for PBXProject "No_Assistant_Results" */;
			compatibilityVersion = "Xcode 14.0";
			developmentRegion = en;
			hasScannedForEncodings = 0;
			knownRegions = (
				en,
				Base,
			);
			mainGroup = 3FD8BF162A09DA9900BBA721;
			productRefGroup = 3FD8BF202A09DA9900BBA721 /* Products */;
			projectDirPath = "";
			projectRoot = "";
			targets = (
				3FD8BF1E2A09DA9900BBA721 /* No_Assistant_Results */,
				3FD8BF342A09DA9900BBA721 /* No_Assistant_ResultsTests */,
				3FD8BF3E2A09DA9900BBA721 /* No_Assistant_ResultsUITests */,
			);
		};
/* End PBXProject section */

/* Begin PBXResourcesBuildPhase section */
		3FD8BF1D2A09DA9900BBA721 /* Resources */ = {
			isa = PBXResourcesBuildPhase;
			buildActionMask = 2147483647;
			files = (
				3FD8BF2F2A09DA9900BBA721 /* LaunchScreen.storyboard in Resources */,
				3FD8BF2C2A09DA9900BBA721 /* Assets.xcassets in Resources */,
				3FD8BF2A2A09DA9900BBA721 /* Main.storyboard in Resources */,
			);
			runOnlyForDeploymentPostprocessing = 0;
		};
		3FD8BF332A09DA9900BBA721 /* Resources */ = {
			isa = PBXResourcesBuildPhase;
			buildActionMask = 2147483647;
			files = (
			);
			runOnlyForDeploymentPostprocessing = 0;
		};
		3FD8BF3D2A09DA9900BBA721 /* Resources */ = {
			isa = PBXResourcesBuildPhase;
			buildActionMask = 2147483647;
			files = (
			);
			runOnlyForDeploymentPostprocessing = 0;
		};
/* End PBXResourcesBuildPhase section */

/* Begin PBXSourcesBuildPhase section */
		3FD8BF1B2A09DA9900BBA721 /* Sources */ = {
			isa = PBXSourcesBuildPhase;
			buildActionMask = 2147483647;
			files = (
				3FD8BF272A09DA9900BBA721 /* ViewController.swift in Sources */,
				3FD8BF232A09DA9900BBA721 /* AppDelegate.swift in Sources */,
				3FD8BF252A09DA9900BBA721 /* SceneDelegate.swift in Sources */,
			);
			runOnlyForDeploymentPostprocessing = 0;
		};
		3FD8BF312A09DA9900BBA721 /* Sources */ = {
			isa = PBXSourcesBuildPhase;
			buildActionMask = 2147483647;
			files = (
				3FD8BF3A2A09DA9900BBA721 /* No_Assistant_ResultsTests.swift in Sources */,
			);
			runOnlyForDeploymentPostprocessing = 0;
		};
		3FD8BF3B2A09DA9900BBA721 /* Sources */ = {
			isa = PBXSourcesBuildPhase;
			buildActionMask = 2147483647;
			files = (
				3FD8BF442A09DA9900BBA721 /* No_Assistant_ResultsUITests.swift in Sources */,
				3FD8BF462A09DA9900BBA721 /* No_Assistant_ResultsUITestsLaunchTests.swift in Sources */,
			);
			runOnlyForDeploymentPostprocessing = 0;
		};
/* End PBXSourcesBuildPhase section */

/* Begin PBXTargetDependency section */
		3FD8BF372A09DA9900BBA721 /* PBXTargetDependency */ = {
			isa = PBXTargetDependency;
			target = 3FD8BF1E2A09DA9900BBA721 /* No_Assistant_Results */;
			targetProxy = 3FD8BF362A09DA9900BBA721 /* PBXContainerItemProxy */;
		};
		3FD8BF412A09DA9900BBA721 /* PBXTargetDependency */ = {
			isa = PBXTargetDependency;
			target = 3FD8BF1E2A09DA9900BBA721 /* No_Assistant_Results */;
			targetProxy = 3FD8BF402A09DA9900BBA721 /* PBXContainerItemProxy */;
		};
/* End PBXTargetDependency section */

/* Begin PBXVariantGroup section */
		3FD8BF282A09DA9900BBA721 /* Main.storyboard */ = {
			isa = PBXVariantGroup;
			children = (
				3FD8BF292A09DA9900BBA721 /* Base */,
			);
			name = Main.storyboard;
			sourceTree = "<group>";
		};
		3FD8BF2D2A09DA9900BBA721 /* LaunchScreen.storyboard */ = {
			isa = PBXVariantGroup;
			children = (
				3FD8BF2E2A09DA9900BBA721 /* Base */,
			);
			name = LaunchScreen.storyboard;
			sourceTree = "<group>";
		};
/* End PBXVariantGroup section */

/* Begin XCBuildConfiguration section */
		3FD8BF472A09DA9900BBA721 /* Debug */ = {
			isa = XCBuildConfiguration;
			buildSettings = {
				ALWAYS_SEARCH_USER_PATHS = NO;
				CLANG_ANALYZER_NONNULL = YES;
				CLANG_ANALYZER_NUMBER_OBJECT_CONVERSION = YES_AGGRESSIVE;
				CLANG_CXX_LANGUAGE_STANDARD = "gnu++20";
				CLANG_ENABLE_MODULES = YES;
				CLANG_ENABLE_OBJC_ARC = YES;
				CLANG_ENABLE_OBJC_WEAK = YES;
				CLANG_WARN_BLOCK_CAPTURE_AUTORELEASING = YES;
				CLANG_WARN_BOOL_CONVERSION = YES;
				CLANG_WARN_COMMA = YES;
				CLANG_WARN_CONSTANT_CONVERSION = YES;
				CLANG_WARN_DEPRECATED_OBJC_IMPLEMENTATIONS = YES;
				CLANG_WARN_DIRECT_OBJC_ISA_USAGE = YES_ERROR;
				CLANG_WARN_DOCUMENTATION_COMMENTS = YES;
				CLANG_WARN_EMPTY_BODY = YES;
				CLANG_WARN_ENUM_CONVERSION = YES;
				CLANG_WARN_INFINITE_RECURSION = YES;
				CLANG_WARN_INT_CONVERSION = YES;
				CLANG_WARN_NON_LITERAL_NULL_CONVERSION = YES;
				CLANG_WARN_OBJC_IMPLICIT_RETAIN_SELF = YES;
				CLANG_WARN_OBJC_LITERAL_CONVERSION = YES;
				CLANG_WARN_OBJC_ROOT_CLASS = YES_ERROR;
				CLANG_WARN_QUOTED_INCLUDE_IN_FRAMEWORK_HEADER = YES;
				CLANG_WARN_RANGE_LOOP_ANALYSIS = YES;
				CLANG_WARN_STRICT_PROTOTYPES = YES;
				CLANG_WARN_SUSPICIOUS_MOVE = YES;
				CLANG_WARN_UNGUARDED_AVAILABILITY = YES_AGGRESSIVE;
				CLANG_WARN_UNREACHABLE_CODE = YES;
				CLANG_WARN__DUPLICATE_METHOD_MATCH = YES;
				COPY_PHASE_STRIP = NO;
				DEBUG_INFORMATION_FORMAT = dwarf;
				ENABLE_STRICT_OBJC_MSGSEND = YES;
				ENABLE_TESTABILITY = YES;
				GCC_C_LANGUAGE_STANDARD = gnu11;
				GCC_DYNAMIC_NO_PIC = NO;
				GCC_NO_COMMON_BLOCKS = YES;
				GCC_OPTIMIZATION_LEVEL = 0;
				GCC_PREPROCESSOR_DEFINITIONS = (
					"DEBUG=1",
					"$(inherited)",
				);
				GCC_WARN_64_TO_32_BIT_CONVERSION = YES;
				GCC_WARN_ABOUT_RETURN_TYPE = YES_ERROR;
				GCC_WARN_UNDECLARED_SELECTOR = YES;
				GCC_WARN_UNINITIALIZED_AUTOS = YES_AGGRESSIVE;
				GCC_WARN_UNUSED_FUNCTION = YES;
				GCC_WARN_UNUSED_VARIABLE = YES;
				IPHONEOS_DEPLOYMENT_TARGET = 16.4;
				MTL_ENABLE_DEBUG_INFO = INCLUDE_SOURCE;
				MTL_FAST_MATH = YES;
				ONLY_ACTIVE_ARCH = YES;
				SDKROOT = iphoneos;
				SWIFT_ACTIVE_COMPILATION_CONDITIONS = DEBUG;
				SWIFT_OPTIMIZATION_LEVEL = "-Onone";
			};
			name = Debug;
		};
		3FD8BF482A09DA9900BBA721 /* Release */ = {
			isa = XCBuildConfiguration;
			buildSettings = {
				ALWAYS_SEARCH_USER_PATHS = NO;
				CLANG_ANALYZER_NONNULL = YES;
				CLANG_ANALYZER_NUMBER_OBJECT_CONVERSION = YES_AGGRESSIVE;
				CLANG_CXX_LANGUAGE_STANDARD = "gnu++20";
				CLANG_ENABLE_MODULES = YES;
				CLANG_ENABLE_OBJC_ARC = YES;
				CLANG_ENABLE_OBJC_WEAK = YES;
				CLANG_WARN_BLOCK_CAPTURE_AUTORELEASING = YES;
				CLANG_WARN_BOOL_CONVERSION = YES;
				CLANG_WARN_COMMA = YES;
				CLANG_WARN_CONSTANT_CONVERSION = YES;
				CLANG_WARN_DEPRECATED_OBJC_IMPLEMENTATIONS = YES;
				CLANG_WARN_DIRECT_OBJC_ISA_USAGE = YES_ERROR;
				CLANG_WARN_DOCUMENTATION_COMMENTS = YES;
				CLANG_WARN_EMPTY_BODY = YES;
				CLANG_WARN_ENUM_CONVERSION = YES;
				CLANG_WARN_INFINITE_RECURSION = YES;
				CLANG_WARN_INT_CONVERSION = YES;
				CLANG_WARN_NON_LITERAL_NULL_CONVERSION = YES;
				CLANG_WARN_OBJC_IMPLICIT_RETAIN_SELF = YES;
				CLANG_WARN_OBJC_LITERAL_CONVERSION = YES;
				CLANG_WARN_OBJC_ROOT_CLASS = YES_ERROR;
				CLANG_WARN_QUOTED_INCLUDE_IN_FRAMEWORK_HEADER = YES;
				CLANG_WARN_RANGE_LOOP_ANALYSIS = YES;
				CLANG_WARN_STRICT_PROTOTYPES = YES;
				CLANG_WARN_SUSPICIOUS_MOVE = YES;
				CLANG_WARN_UNGUARDED_AVAILABILITY = YES_AGGRESSIVE;
				CLANG_WARN_UNREACHABLE_CODE = YES;
				CLANG_WARN__DUPLICATE_METHOD_MATCH = YES;
				COPY_PHASE_STRIP = NO;
				DEBUG_INFORMATION_FORMAT = "dwarf-with-dsym";
				ENABLE_NS_ASSERTIONS = NO;
				ENABLE_STRICT_OBJC_MSGSEND = YES;
				GCC_C_LANGUAGE_STANDARD = gnu11;
				GCC_NO_COMMON_BLOCKS = YES;
				GCC_WARN_64_TO_32_BIT_CONVERSION = YES;
				GCC_WARN_ABOUT_RETURN_TYPE = YES_ERROR;
				GCC_WARN_UNDECLARED_SELECTOR = YES;
				GCC_WARN_UNINITIALIZED_AUTOS = YES_AGGRESSIVE;
				GCC_WARN_UNUSED_FUNCTION = YES;
				GCC_WARN_UNUSED_VARIABLE = YES;
				IPHONEOS_DEPLOYMENT_TARGET = 16.4;
				MTL_ENABLE_DEBUG_INFO = NO;
				MTL_FAST_MATH = YES;
				SDKROOT = iphoneos;
				SWIFT_COMPILATION_MODE = wholemodule;
				SWIFT_OPTIMIZATION_LEVEL = "-O";
				VALIDATE_PRODUCT = YES;
			};
			name = Release;
		};
		3FD8BF4A2A09DA9900BBA721 /* Debug */ = {
			isa = XCBuildConfiguration;
			buildSettings = {
				ASSETCATALOG_COMPILER_APPICON_NAME = AppIcon;
				ASSETCATALOG_COMPILER_GLOBAL_ACCENT_COLOR_NAME = AccentColor;
				CODE_SIGN_STYLE = Automatic;
				CURRENT_PROJECT_VERSION = 1;
				DEVELOPMENT_TEAM = V7TH2GUA8U;
				GENERATE_INFOPLIST_FILE = YES;
				INFOPLIST_FILE = No_Assistant_Results/Info.plist;
				INFOPLIST_KEY_UIApplicationSupportsIndirectInputEvents = YES;
				INFOPLIST_KEY_UILaunchStoryboardName = LaunchScreen;
				INFOPLIST_KEY_UIMainStoryboardFile = Main;
				INFOPLIST_KEY_UISupportedInterfaceOrientations_iPad = "UIInterfaceOrientationPortrait UIInterfaceOrientationPortraitUpsideDown UIInterfaceOrientationLandscapeLeft UIInterfaceOrientationLandscapeRight";
				INFOPLIST_KEY_UISupportedInterfaceOrientations_iPhone = "UIInterfaceOrientationPortrait UIInterfaceOrientationLandscapeLeft UIInterfaceOrientationLandscapeRight";
				LD_RUNPATH_SEARCH_PATHS = (
					"$(inherited)",
					"@executable_path/Frameworks",
				);
				MARKETING_VERSION = 1.0;
				PRODUCT_BUNDLE_IDENTIFIER = "com.Lime.No-Assistant-Results";
				PRODUCT_NAME = "$(TARGET_NAME)";
				SWIFT_EMIT_LOC_STRINGS = YES;
				SWIFT_VERSION = 5.0;
				TARGETED_DEVICE_FAMILY = "1,2";
			};
			name = Debug;
		};
		3FD8BF4B2A09DA9900BBA721 /* Release */ = {
			isa = XCBuildConfiguration;
			buildSettings = {
				ASSETCATALOG_COMPILER_APPICON_NAME = AppIcon;
				ASSETCATALOG_COMPILER_GLOBAL_ACCENT_COLOR_NAME = AccentColor;
				CODE_SIGN_STYLE = Automatic;
				CURRENT_PROJECT_VERSION = 1;
				DEVELOPMENT_TEAM = V7TH2GUA8U;
				GENERATE_INFOPLIST_FILE = YES;
				INFOPLIST_FILE = No_Assistant_Results/Info.plist;
				INFOPLIST_KEY_UIApplicationSupportsIndirectInputEvents = YES;
				INFOPLIST_KEY_UILaunchStoryboardName = LaunchScreen;
				INFOPLIST_KEY_UIMainStoryboardFile = Main;
				INFOPLIST_KEY_UISupportedInterfaceOrientations_iPad = "UIInterfaceOrientationPortrait UIInterfaceOrientationPortraitUpsideDown UIInterfaceOrientationLandscapeLeft UIInterfaceOrientationLandscapeRight";
				INFOPLIST_KEY_UISupportedInterfaceOrientations_iPhone = "UIInterfaceOrientationPortrait UIInterfaceOrientationLandscapeLeft UIInterfaceOrientationLandscapeRight";
				LD_RUNPATH_SEARCH_PATHS = (
					"$(inherited)",
					"@executable_path/Frameworks",
				);
				MARKETING_VERSION = 1.0;
				PRODUCT_BUNDLE_IDENTIFIER = "com.Lime.No-Assistant-Results";
				PRODUCT_NAME = "$(TARGET_NAME)";
				SWIFT_EMIT_LOC_STRINGS = YES;
				SWIFT_VERSION = 5.0;
				TARGETED_DEVICE_FAMILY = "1,2";
			};
			name = Release;
		};
		3FD8BF4D2A09DA9900BBA721 /* Debug */ = {
			isa = XCBuildConfiguration;
			buildSettings = {
				ALWAYS_EMBED_SWIFT_STANDARD_LIBRARIES = YES;
				BUNDLE_LOADER = "$(TEST_HOST)";
				CODE_SIGN_STYLE = Automatic;
				CURRENT_PROJECT_VERSION = 1;
				DEVELOPMENT_TEAM = V7TH2GUA8U;
				GENERATE_INFOPLIST_FILE = YES;
				IPHONEOS_DEPLOYMENT_TARGET = 16.4;
				MARKETING_VERSION = 1.0;
				PRODUCT_BUNDLE_IDENTIFIER = "com.Lime.No-Assistant-ResultsTests";
				PRODUCT_NAME = "$(TARGET_NAME)";
				SWIFT_EMIT_LOC_STRINGS = NO;
				SWIFT_VERSION = 5.0;
				TARGETED_DEVICE_FAMILY = "1,2";
				TEST_HOST = "$(BUILT_PRODUCTS_DIR)/No_Assistant_Results.app/$(BUNDLE_EXECUTABLE_FOLDER_PATH)/No_Assistant_Results";
			};
			name = Debug;
		};
		3FD8BF4E2A09DA9900BBA721 /* Release */ = {
			isa = XCBuildConfiguration;
			buildSettings = {
				ALWAYS_EMBED_SWIFT_STANDARD_LIBRARIES = YES;
				BUNDLE_LOADER = "$(TEST_HOST)";
				CODE_SIGN_STYLE = Automatic;
				CURRENT_PROJECT_VERSION = 1;
				DEVELOPMENT_TEAM = V7TH2GUA8U;
				GENERATE_INFOPLIST_FILE = YES;
				IPHONEOS_DEPLOYMENT_TARGET = 16.4;
				MARKETING_VERSION = 1.0;
				PRODUCT_BUNDLE_IDENTIFIER = "com.Lime.No-Assistant-ResultsTests";
				PRODUCT_NAME = "$(TARGET_NAME)";
				SWIFT_EMIT_LOC_STRINGS = NO;
				SWIFT_VERSION = 5.0;
				TARGETED_DEVICE_FAMILY = "1,2";
				TEST_HOST = "$(BUILT_PRODUCTS_DIR)/No_Assistant_Results.app/$(BUNDLE_EXECUTABLE_FOLDER_PATH)/No_Assistant_Results";
			};
			name = Release;
		};
		3FD8BF502A09DA9900BBA721 /* Debug */ = {
			isa = XCBuildConfiguration;
			buildSettings = {
				ALWAYS_EMBED_SWIFT_STANDARD_LIBRARIES = YES;
				CODE_SIGN_STYLE = Automatic;
				CURRENT_PROJECT_VERSION = 1;
				DEVELOPMENT_TEAM = V7TH2GUA8U;
				GENERATE_INFOPLIST_FILE = YES;
				MARKETING_VERSION = 1.0;
				PRODUCT_BUNDLE_IDENTIFIER = "com.Lime.No-Assistant-ResultsUITests";
				PRODUCT_NAME = "$(TARGET_NAME)";
				SWIFT_EMIT_LOC_STRINGS = NO;
				SWIFT_VERSION = 5.0;
				TARGETED_DEVICE_FAMILY = "1,2";
				TEST_TARGET_NAME = No_Assistant_Results;
			};
			name = Debug;
		};
		3FD8BF512A09DA9900BBA721 /* Release */ = {
			isa = XCBuildConfiguration;
			buildSettings = {
				ALWAYS_EMBED_SWIFT_STANDARD_LIBRARIES = YES;
				CODE_SIGN_STYLE = Automatic;
				CURRENT_PROJECT_VERSION = 1;
				DEVELOPMENT_TEAM = V7TH2GUA8U;
				GENERATE_INFOPLIST_FILE = YES;
				MARKETING_VERSION = 1.0;
				PRODUCT_BUNDLE_IDENTIFIER = "com.Lime.No-Assistant-ResultsUITests";
				PRODUCT_NAME = "$(TARGET_NAME)";
				SWIFT_EMIT_LOC_STRINGS = NO;
				SWIFT_VERSION = 5.0;
				TARGETED_DEVICE_FAMILY = "1,2";
				TEST_TARGET_NAME = No_Assistant_Results;
			};
			name = Release;
		};
/* End XCBuildConfiguration section */

/* Begin XCConfigurationList section */
		3FD8BF1A2A09DA9900BBA721 /* Build configuration list for PBXProject "No_Assistant_Results" */ = {
			isa = XCConfigurationList;
			buildConfigurations = (
				3FD8BF472A09DA9900BBA721 /* Debug */,
				3FD8BF482A09DA9900BBA721 /* Release */,
			);
			defaultConfigurationIsVisible = 0;
			defaultConfigurationName = Release;
		};
		3FD8BF492A09DA9900BBA721 /* Build configuration list for PBXNativeTarget "No_Assistant_Results" */ = {
			isa = XCConfigurationList;
			buildConfigurations = (
				3FD8BF4A2A09DA9900BBA721 /* Debug */,
				3FD8BF4B2A09DA9900BBA721 /* Release */,
			);
			defaultConfigurationIsVisible = 0;
			defaultConfigurationName = Release;
		};
		3FD8BF4C2A09DA9900BBA721 /* Build configuration list for PBXNativeTarget "No_Assistant_ResultsTests" */ = {
			isa = XCConfigurationList;
			buildConfigurations = (
				3FD8BF4D2A09DA9900BBA721 /* Debug */,
				3FD8BF4E2A09DA9900BBA721 /* Release */,
			);
			defaultConfigurationIsVisible = 0;
			defaultConfigurationName = Release;
		};
		3FD8BF4F2A09DA9900BBA721 /* Build configuration list for PBXNativeTarget "No_Assistant_ResultsUITests" */ = {
			isa = XCConfigurationList;
			buildConfigurations = (
				3FD8BF502A09DA9900BBA721 /* Debug */,
				3FD8BF512A09DA9900BBA721 /* Release */,
			);
			defaultConfigurationIsVisible = 0;
			defaultConfigurationName = Release;
		};
/* End XCConfigurationList section */
	};
	rootObject = 3FD8BF172A09DA9900BBA721 /* Project object */;
}
