// !$*UTF8*$!
{
	archiveVersion = 1;
	classes = {
	};
	objectVersion = 56;
	objects = {

/* Begin PBXBuildFile section */
		3FEDB0A52A306BD10005AD04 /* AppDelegate.swift in Sources */ = {isa = PBXBuildFile; fileRef = 3FEDB0A42A306BD10005AD04 /* AppDelegate.swift */; };
		3FEDB0A72A306BD10005AD04 /* SceneDelegate.swift in Sources */ = {isa = PBXBuildFile; fileRef = 3FEDB0A62A306BD10005AD04 /* SceneDelegate.swift */; };
		3FEDB0A92A306BD10005AD04 /* ViewController.swift in Sources */ = {isa = PBXBuildFile; fileRef = 3FEDB0A82A306BD10005AD04 /* ViewController.swift */; };
		3FEDB0AC2A306BD10005AD04 /* Main.storyboard in Resources */ = {isa = PBXBuildFile; fileRef = 3FEDB0AA2A306BD10005AD04 /* Main.storyboard */; };
		3FEDB0AE2A306BD20005AD04 /* Assets.xcassets in Resources */ = {isa = PBXBuildFile; fileRef = 3FEDB0AD2A306BD20005AD04 /* Assets.xcassets */; };
		3FEDB0B12A306BD20005AD04 /* LaunchScreen.storyboard in Resources */ = {isa = PBXBuildFile; fileRef = 3FEDB0AF2A306BD20005AD04 /* LaunchScreen.storyboard */; };
		3FEDB0BC2A306BD20005AD04 /* CHCRTests.swift in Sources */ = {isa = PBXBuildFile; fileRef = 3FEDB0BB2A306BD20005AD04 /* CHCRTests.swift */; };
		3FEDB0C62A306BD20005AD04 /* CHCRUITests.swift in Sources */ = {isa = PBXBuildFile; fileRef = 3FEDB0C52A306BD20005AD04 /* CHCRUITests.swift */; };
		3FEDB0C82A306BD20005AD04 /* CHCRUITestsLaunchTests.swift in Sources */ = {isa = PBXBuildFile; fileRef = 3FEDB0C72A306BD20005AD04 /* CHCRUITestsLaunchTests.swift */; };
/* End PBXBuildFile section */

/* Begin PBXContainerItemProxy section */
		3FEDB0B82A306BD20005AD04 /* PBXContainerItemProxy */ = {
			isa = PBXContainerItemProxy;
			containerPortal = 3FEDB0992A306BD10005AD04 /* Project object */;
			proxyType = 1;
			remoteGlobalIDString = 3FEDB0A02A306BD10005AD04;
			remoteInfo = CHCR;
		};
		3FEDB0C22A306BD20005AD04 /* PBXContainerItemProxy */ = {
			isa = PBXContainerItemProxy;
			containerPortal = 3FEDB0992A306BD10005AD04 /* Project object */;
			proxyType = 1;
			remoteGlobalIDString = 3FEDB0A02A306BD10005AD04;
			remoteInfo = CHCR;
		};
/* End PBXContainerItemProxy section */

/* Begin PBXFileReference section */
		3FEDB0A12A306BD10005AD04 /* CHCR.app */ = {isa = PBXFileReference; explicitFileType = wrapper.application; includeInIndex = 0; path = CHCR.app; sourceTree = BUILT_PRODUCTS_DIR; };
		3FEDB0A42A306BD10005AD04 /* AppDelegate.swift */ = {isa = PBXFileReference; lastKnownFileType = sourcecode.swift; path = AppDelegate.swift; sourceTree = "<group>"; };
		3FEDB0A62A306BD10005AD04 /* SceneDelegate.swift */ = {isa = PBXFileReference; lastKnownFileType = sourcecode.swift; path = SceneDelegate.swift; sourceTree = "<group>"; };
		3FEDB0A82A306BD10005AD04 /* ViewController.swift */ = {isa = PBXFileReference; lastKnownFileType = sourcecode.swift; path = ViewController.swift; sourceTree = "<group>"; };
		3FEDB0AB2A306BD10005AD04 /* Base */ = {isa = PBXFileReference; lastKnownFileType = file.storyboard; name = Base; path = Base.lproj/Main.storyboard; sourceTree = "<group>"; };
		3FEDB0AD2A306BD20005AD04 /* Assets.xcassets */ = {isa = PBXFileReference; lastKnownFileType = folder.assetcatalog; path = Assets.xcassets; sourceTree = "<group>"; };
		3FEDB0B02A306BD20005AD04 /* Base */ = {isa = PBXFileReference; lastKnownFileType = file.storyboard; name = Base; path = Base.lproj/LaunchScreen.storyboard; sourceTree = "<group>"; };
		3FEDB0B22A306BD20005AD04 /* Info.plist */ = {isa = PBXFileReference; lastKnownFileType = text.plist.xml; path = Info.plist; sourceTree = "<group>"; };
		3FEDB0B72A306BD20005AD04 /* CHCRTests.xctest */ = {isa = PBXFileReference; explicitFileType = wrapper.cfbundle; includeInIndex = 0; path = CHCRTests.xctest; sourceTree = BUILT_PRODUCTS_DIR; };
		3FEDB0BB2A306BD20005AD04 /* CHCRTests.swift */ = {isa = PBXFileReference; lastKnownFileType = sourcecode.swift; path = CHCRTests.swift; sourceTree = "<group>"; };
		3FEDB0C12A306BD20005AD04 /* CHCRUITests.xctest */ = {isa = PBXFileReference; explicitFileType = wrapper.cfbundle; includeInIndex = 0; path = CHCRUITests.xctest; sourceTree = BUILT_PRODUCTS_DIR; };
		3FEDB0C52A306BD20005AD04 /* CHCRUITests.swift */ = {isa = PBXFileReference; lastKnownFileType = sourcecode.swift; path = CHCRUITests.swift; sourceTree = "<group>"; };
		3FEDB0C72A306BD20005AD04 /* CHCRUITestsLaunchTests.swift */ = {isa = PBXFileReference; lastKnownFileType = sourcecode.swift; path = CHCRUITestsLaunchTests.swift; sourceTree = "<group>"; };
/* End PBXFileReference section */

/* Begin PBXFrameworksBuildPhase section */
		3FEDB09E2A306BD10005AD04 /* Frameworks */ = {
			isa = PBXFrameworksBuildPhase;
			buildActionMask = 2147483647;
			files = (
			);
			runOnlyForDeploymentPostprocessing = 0;
		};
		3FEDB0B42A306BD20005AD04 /* Frameworks */ = {
			isa = PBXFrameworksBuildPhase;
			buildActionMask = 2147483647;
			files = (
			);
			runOnlyForDeploymentPostprocessing = 0;
		};
		3FEDB0BE2A306BD20005AD04 /* Frameworks */ = {
			isa = PBXFrameworksBuildPhase;
			buildActionMask = 2147483647;
			files = (
			);
			runOnlyForDeploymentPostprocessing = 0;
		};
/* End PBXFrameworksBuildPhase section */

/* Begin PBXGroup section */
		3FEDB0982A306BD10005AD04 = {
			isa = PBXGroup;
			children = (
				3FEDB0A32A306BD10005AD04 /* CHCR */,
				3FEDB0BA2A306BD20005AD04 /* CHCRTests */,
				3FEDB0C42A306BD20005AD04 /* CHCRUITests */,
				3FEDB0A22A306BD10005AD04 /* Products */,
			);
			sourceTree = "<group>";
		};
		3FEDB0A22A306BD10005AD04 /* Products */ = {
			isa = PBXGroup;
			children = (
				3FEDB0A12A306BD10005AD04 /* CHCR.app */,
				3FEDB0B72A306BD20005AD04 /* CHCRTests.xctest */,
				3FEDB0C12A306BD20005AD04 /* CHCRUITests.xctest */,
			);
			name = Products;
			sourceTree = "<group>";
		};
		3FEDB0A32A306BD10005AD04 /* CHCR */ = {
			isa = PBXGroup;
			children = (
				3FEDB0A42A306BD10005AD04 /* AppDelegate.swift */,
				3FEDB0A62A306BD10005AD04 /* SceneDelegate.swift */,
				3FEDB0A82A306BD10005AD04 /* ViewController.swift */,
				3FEDB0AA2A306BD10005AD04 /* Main.storyboard */,
				3FEDB0AD2A306BD20005AD04 /* Assets.xcassets */,
				3FEDB0AF2A306BD20005AD04 /* LaunchScreen.storyboard */,
				3FEDB0B22A306BD20005AD04 /* Info.plist */,
			);
			path = CHCR;
			sourceTree = "<group>";
		};
		3FEDB0BA2A306BD20005AD04 /* CHCRTests */ = {
			isa = PBXGroup;
			children = (
				3FEDB0BB2A306BD20005AD04 /* CHCRTests.swift */,
			);
			path = CHCRTests;
			sourceTree = "<group>";
		};
		3FEDB0C42A306BD20005AD04 /* CHCRUITests */ = {
			isa = PBXGroup;
			children = (
				3FEDB0C52A306BD20005AD04 /* CHCRUITests.swift */,
				3FEDB0C72A306BD20005AD04 /* CHCRUITestsLaunchTests.swift */,
			);
			path = CHCRUITests;
			sourceTree = "<group>";
		};
/* End PBXGroup section */

/* Begin PBXNativeTarget section */
		3FEDB0A02A306BD10005AD04 /* CHCR */ = {
			isa = PBXNativeTarget;
			buildConfigurationList = 3FEDB0CB2A306BD20005AD04 /* Build configuration list for PBXNativeTarget "CHCR" */;
			buildPhases = (
				3FEDB09D2A306BD10005AD04 /* Sources */,
				3FEDB09E2A306BD10005AD04 /* Frameworks */,
				3FEDB09F2A306BD10005AD04 /* Resources */,
			);
			buildRules = (
			);
			dependencies = (
			);
			name = CHCR;
			productName = CHCR;
			productReference = 3FEDB0A12A306BD10005AD04 /* CHCR.app */;
			productType = "com.apple.product-type.application";
		};
		3FEDB0B62A306BD20005AD04 /* CHCRTests */ = {
			isa = PBXNativeTarget;
			buildConfigurationList = 3FEDB0CE2A306BD20005AD04 /* Build configuration list for PBXNativeTarget "CHCRTests" */;
			buildPhases = (
				3FEDB0B32A306BD20005AD04 /* Sources */,
				3FEDB0B42A306BD20005AD04 /* Frameworks */,
				3FEDB0B52A306BD20005AD04 /* Resources */,
			);
			buildRules = (
			);
			dependencies = (
				3FEDB0B92A306BD20005AD04 /* PBXTargetDependency */,
			);
			name = CHCRTests;
			productName = CHCRTests;
			productReference = 3FEDB0B72A306BD20005AD04 /* CHCRTests.xctest */;
			productType = "com.apple.product-type.bundle.unit-test";
		};
		3FEDB0C02A306BD20005AD04 /* CHCRUITests */ = {
			isa = PBXNativeTarget;
			buildConfigurationList = 3FEDB0D12A306BD20005AD04 /* Build configuration list for PBXNativeTarget "CHCRUITests" */;
			buildPhases = (
				3FEDB0BD2A306BD20005AD04 /* Sources */,
				3FEDB0BE2A306BD20005AD04 /* Frameworks */,
				3FEDB0BF2A306BD20005AD04 /* Resources */,
			);
			buildRules = (
			);
			dependencies = (
				3FEDB0C32A306BD20005AD04 /* PBXTargetDependency */,
			);
			name = CHCRUITests;
			productName = CHCRUITests;
			productReference = 3FEDB0C12A306BD20005AD04 /* CHCRUITests.xctest */;
			productType = "com.apple.product-type.bundle.ui-testing";
		};
/* End PBXNativeTarget section */

/* Begin PBXProject section */
		3FEDB0992A306BD10005AD04 /* Project object */ = {
			isa = PBXProject;
			attributes = {
				BuildIndependentTargetsInParallel = 1;
				LastSwiftUpdateCheck = 1430;
				LastUpgradeCheck = 1430;
				TargetAttributes = {
					3FEDB0A02A306BD10005AD04 = {
						CreatedOnToolsVersion = 14.3.1;
					};
					3FEDB0B62A306BD20005AD04 = {
						CreatedOnToolsVersion = 14.3.1;
						TestTargetID = 3FEDB0A02A306BD10005AD04;
					};
					3FEDB0C02A306BD20005AD04 = {
						CreatedOnToolsVersion = 14.3.1;
						TestTargetID = 3FEDB0A02A306BD10005AD04;
					};
				};
			};
			buildConfigurationList = 3FEDB09C2A306BD10005AD04 /* Build configuration list for PBXProject "CHCR" */;
			compatibilityVersion = "Xcode 14.0";
			developmentRegion = en;
			hasScannedForEncodings = 0;
			knownRegions = (
				en,
				Base,
			);
			mainGroup = 3FEDB0982A306BD10005AD04;
			productRefGroup = 3FEDB0A22A306BD10005AD04 /* Products */;
			projectDirPath = "";
			projectRoot = "";
			targets = (
				3FEDB0A02A306BD10005AD04 /* CHCR */,
				3FEDB0B62A306BD20005AD04 /* CHCRTests */,
				3FEDB0C02A306BD20005AD04 /* CHCRUITests */,
			);
		};
/* End PBXProject section */

/* Begin PBXResourcesBuildPhase section */
		3FEDB09F2A306BD10005AD04 /* Resources */ = {
			isa = PBXResourcesBuildPhase;
			buildActionMask = 2147483647;
			files = (
				3FEDB0B12A306BD20005AD04 /* LaunchScreen.storyboard in Resources */,
				3FEDB0AE2A306BD20005AD04 /* Assets.xcassets in Resources */,
				3FEDB0AC2A306BD10005AD04 /* Main.storyboard in Resources */,
			);
			runOnlyForDeploymentPostprocessing = 0;
		};
		3FEDB0B52A306BD20005AD04 /* Resources */ = {
			isa = PBXResourcesBuildPhase;
			buildActionMask = 2147483647;
			files = (
			);
			runOnlyForDeploymentPostprocessing = 0;
		};
		3FEDB0BF2A306BD20005AD04 /* Resources */ = {
			isa = PBXResourcesBuildPhase;
			buildActionMask = 2147483647;
			files = (
			);
			runOnlyForDeploymentPostprocessing = 0;
		};
/* End PBXResourcesBuildPhase section */

/* Begin PBXSourcesBuildPhase section */
		3FEDB09D2A306BD10005AD04 /* Sources */ = {
			isa = PBXSourcesBuildPhase;
			buildActionMask = 2147483647;
			files = (
				3FEDB0A92A306BD10005AD04 /* ViewController.swift in Sources */,
				3FEDB0A52A306BD10005AD04 /* AppDelegate.swift in Sources */,
				3FEDB0A72A306BD10005AD04 /* SceneDelegate.swift in Sources */,
			);
			runOnlyForDeploymentPostprocessing = 0;
		};
		3FEDB0B32A306BD20005AD04 /* Sources */ = {
			isa = PBXSourcesBuildPhase;
			buildActionMask = 2147483647;
			files = (
				3FEDB0BC2A306BD20005AD04 /* CHCRTests.swift in Sources */,
			);
			runOnlyForDeploymentPostprocessing = 0;
		};
		3FEDB0BD2A306BD20005AD04 /* Sources */ = {
			isa = PBXSourcesBuildPhase;
			buildActionMask = 2147483647;
			files = (
				3FEDB0C82A306BD20005AD04 /* CHCRUITestsLaunchTests.swift in Sources */,
				3FEDB0C62A306BD20005AD04 /* CHCRUITests.swift in Sources */,
			);
			runOnlyForDeploymentPostprocessing = 0;
		};
/* End PBXSourcesBuildPhase section */

/* Begin PBXTargetDependency section */
		3FEDB0B92A306BD20005AD04 /* PBXTargetDependency */ = {
			isa = PBXTargetDependency;
			target = 3FEDB0A02A306BD10005AD04 /* CHCR */;
			targetProxy = 3FEDB0B82A306BD20005AD04 /* PBXContainerItemProxy */;
		};
		3FEDB0C32A306BD20005AD04 /* PBXTargetDependency */ = {
			isa = PBXTargetDependency;
			target = 3FEDB0A02A306BD10005AD04 /* CHCR */;
			targetProxy = 3FEDB0C22A306BD20005AD04 /* PBXContainerItemProxy */;
		};
/* End PBXTargetDependency section */

/* Begin PBXVariantGroup section */
		3FEDB0AA2A306BD10005AD04 /* Main.storyboard */ = {
			isa = PBXVariantGroup;
			children = (
				3FEDB0AB2A306BD10005AD04 /* Base */,
			);
			name = Main.storyboard;
			sourceTree = "<group>";
		};
		3FEDB0AF2A306BD20005AD04 /* LaunchScreen.storyboard */ = {
			isa = PBXVariantGroup;
			children = (
				3FEDB0B02A306BD20005AD04 /* Base */,
			);
			name = LaunchScreen.storyboard;
			sourceTree = "<group>";
		};
/* End PBXVariantGroup section */

/* Begin XCBuildConfiguration section */
		3FEDB0C92A306BD20005AD04 /* Debug */ = {
			isa = XCBuildConfiguration;
			buildSettings = {
				ALWAYS_SEARCH_USER_PATHS = NO;
				CLANG_ANALYZER_NONNULL = YES;
				CLANG_ANALYZER_NUMBER_OBJECT_CONVERSION = YES_AGGRESSIVE;
				CLANG_CXX_LANGUAGE_STANDARD = "gnu++20";
				CLANG_ENABLE_MODULES = YES;
				CLANG_ENABLE_OBJC_ARC = YES;
				CLANG_ENABLE_OBJC_WEAK = YES;
				CLANG_WARN_BLOCK_CAPTURE_AUTORELEASING = YES;
				CLANG_WARN_BOOL_CONVERSION = YES;
				CLANG_WARN_COMMA = YES;
				CLANG_WARN_CONSTANT_CONVERSION = YES;
				CLANG_WARN_DEPRECATED_OBJC_IMPLEMENTATIONS = YES;
				CLANG_WARN_DIRECT_OBJC_ISA_USAGE = YES_ERROR;
				CLANG_WARN_DOCUMENTATION_COMMENTS = YES;
				CLANG_WARN_EMPTY_BODY = YES;
				CLANG_WARN_ENUM_CONVERSION = YES;
				CLANG_WARN_INFINITE_RECURSION = YES;
				CLANG_WARN_INT_CONVERSION = YES;
				CLANG_WARN_NON_LITERAL_NULL_CONVERSION = YES;
				CLANG_WARN_OBJC_IMPLICIT_RETAIN_SELF = YES;
				CLANG_WARN_OBJC_LITERAL_CONVERSION = YES;
				CLANG_WARN_OBJC_ROOT_CLASS = YES_ERROR;
				CLANG_WARN_QUOTED_INCLUDE_IN_FRAMEWORK_HEADER = YES;
				CLANG_WARN_RANGE_LOOP_ANALYSIS = YES;
				CLANG_WARN_STRICT_PROTOTYPES = YES;
				CLANG_WARN_SUSPICIOUS_MOVE = YES;
				CLANG_WARN_UNGUARDED_AVAILABILITY = YES_AGGRESSIVE;
				CLANG_WARN_UNREACHABLE_CODE = YES;
				CLANG_WARN__DUPLICATE_METHOD_MATCH = YES;
				COPY_PHASE_STRIP = NO;
				DEBUG_INFORMATION_FORMAT = dwarf;
				ENABLE_STRICT_OBJC_MSGSEND = YES;
				ENABLE_TESTABILITY = YES;
				GCC_C_LANGUAGE_STANDARD = gnu11;
				GCC_DYNAMIC_NO_PIC = NO;
				GCC_NO_COMMON_BLOCKS = YES;
				GCC_OPTIMIZATION_LEVEL = 0;
				GCC_PREPROCESSOR_DEFINITIONS = (
					"DEBUG=1",
					"$(inherited)",
				);
				GCC_WARN_64_TO_32_BIT_CONVERSION = YES;
				GCC_WARN_ABOUT_RETURN_TYPE = YES_ERROR;
				GCC_WARN_UNDECLARED_SELECTOR = YES;
				GCC_WARN_UNINITIALIZED_AUTOS = YES_AGGRESSIVE;
				GCC_WARN_UNUSED_FUNCTION = YES;
				GCC_WARN_UNUSED_VARIABLE = YES;
				IPHONEOS_DEPLOYMENT_TARGET = 16.4;
				MTL_ENABLE_DEBUG_INFO = INCLUDE_SOURCE;
				MTL_FAST_MATH = YES;
				ONLY_ACTIVE_ARCH = YES;
				SDKROOT = iphoneos;
				SWIFT_ACTIVE_COMPILATION_CONDITIONS = DEBUG;
				SWIFT_OPTIMIZATION_LEVEL = "-Onone";
			};
			name = Debug;
		};
		3FEDB0CA2A306BD20005AD04 /* Release */ = {
			isa = XCBuildConfiguration;
			buildSettings = {
				ALWAYS_SEARCH_USER_PATHS = NO;
				CLANG_ANALYZER_NONNULL = YES;
				CLANG_ANALYZER_NUMBER_OBJECT_CONVERSION = YES_AGGRESSIVE;
				CLANG_CXX_LANGUAGE_STANDARD = "gnu++20";
				CLANG_ENABLE_MODULES = YES;
				CLANG_ENABLE_OBJC_ARC = YES;
				CLANG_ENABLE_OBJC_WEAK = YES;
				CLANG_WARN_BLOCK_CAPTURE_AUTORELEASING = YES;
				CLANG_WARN_BOOL_CONVERSION = YES;
				CLANG_WARN_COMMA = YES;
				CLANG_WARN_CONSTANT_CONVERSION = YES;
				CLANG_WARN_DEPRECATED_OBJC_IMPLEMENTATIONS = YES;
				CLANG_WARN_DIRECT_OBJC_ISA_USAGE = YES_ERROR;
				CLANG_WARN_DOCUMENTATION_COMMENTS = YES;
				CLANG_WARN_EMPTY_BODY = YES;
				CLANG_WARN_ENUM_CONVERSION = YES;
				CLANG_WARN_INFINITE_RECURSION = YES;
				CLANG_WARN_INT_CONVERSION = YES;
				CLANG_WARN_NON_LITERAL_NULL_CONVERSION = YES;
				CLANG_WARN_OBJC_IMPLICIT_RETAIN_SELF = YES;
				CLANG_WARN_OBJC_LITERAL_CONVERSION = YES;
				CLANG_WARN_OBJC_ROOT_CLASS = YES_ERROR;
				CLANG_WARN_QUOTED_INCLUDE_IN_FRAMEWORK_HEADER = YES;
				CLANG_WARN_RANGE_LOOP_ANALYSIS = YES;
				CLANG_WARN_STRICT_PROTOTYPES = YES;
				CLANG_WARN_SUSPICIOUS_MOVE = YES;
				CLANG_WARN_UNGUARDED_AVAILABILITY = YES_AGGRESSIVE;
				CLANG_WARN_UNREACHABLE_CODE = YES;
				CLANG_WARN__DUPLICATE_METHOD_MATCH = YES;
				COPY_PHASE_STRIP = NO;
				DEBUG_INFORMATION_FORMAT = "dwarf-with-dsym";
				ENABLE_NS_ASSERTIONS = NO;
				ENABLE_STRICT_OBJC_MSGSEND = YES;
				GCC_C_LANGUAGE_STANDARD = gnu11;
				GCC_NO_COMMON_BLOCKS = YES;
				GCC_WARN_64_TO_32_BIT_CONVERSION = YES;
				GCC_WARN_ABOUT_RETURN_TYPE = YES_ERROR;
				GCC_WARN_UNDECLARED_SELECTOR = YES;
				GCC_WARN_UNINITIALIZED_AUTOS = YES_AGGRESSIVE;
				GCC_WARN_UNUSED_FUNCTION = YES;
				GCC_WARN_UNUSED_VARIABLE = YES;
				IPHONEOS_DEPLOYMENT_TARGET = 16.4;
				MTL_ENABLE_DEBUG_INFO = NO;
				MTL_FAST_MATH = YES;
				SDKROOT = iphoneos;
				SWIFT_COMPILATION_MODE = wholemodule;
				SWIFT_OPTIMIZATION_LEVEL = "-O";
				VALIDATE_PRODUCT = YES;
			};
			name = Release;
		};
		3FEDB0CC2A306BD20005AD04 /* Debug */ = {
			isa = XCBuildConfiguration;
			buildSettings = {
				ASSETCATALOG_COMPILER_APPICON_NAME = AppIcon;
				ASSETCATALOG_COMPILER_GLOBAL_ACCENT_COLOR_NAME = AccentColor;
				CODE_SIGN_STYLE = Automatic;
				CURRENT_PROJECT_VERSION = 1;
				DEVELOPMENT_TEAM = V7TH2GUA8U;
				GENERATE_INFOPLIST_FILE = YES;
				INFOPLIST_FILE = CHCR/Info.plist;
				INFOPLIST_KEY_UIApplicationSupportsIndirectInputEvents = YES;
				INFOPLIST_KEY_UILaunchStoryboardName = LaunchScreen;
				INFOPLIST_KEY_UIMainStoryboardFile = Main;
				INFOPLIST_KEY_UISupportedInterfaceOrientations_iPad = "UIInterfaceOrientationPortrait UIInterfaceOrientationPortraitUpsideDown UIInterfaceOrientationLandscapeLeft UIInterfaceOrientationLandscapeRight";
				INFOPLIST_KEY_UISupportedInterfaceOrientations_iPhone = "UIInterfaceOrientationPortrait UIInterfaceOrientationLandscapeLeft UIInterfaceOrientationLandscapeRight";
				LD_RUNPATH_SEARCH_PATHS = (
					"$(inherited)",
					"@executable_path/Frameworks",
				);
				MARKETING_VERSION = 1.0;
				PRODUCT_BUNDLE_IDENTIFIER = com.Lime.CHCR;
				PRODUCT_NAME = "$(TARGET_NAME)";
				SWIFT_EMIT_LOC_STRINGS = YES;
				SWIFT_VERSION = 5.0;
				TARGETED_DEVICE_FAMILY = "1,2";
			};
			name = Debug;
		};
		3FEDB0CD2A306BD20005AD04 /* Release */ = {
			isa = XCBuildConfiguration;
			buildSettings = {
				ASSETCATALOG_COMPILER_APPICON_NAME = AppIcon;
				ASSETCATALOG_COMPILER_GLOBAL_ACCENT_COLOR_NAME = AccentColor;
				CODE_SIGN_STYLE = Automatic;
				CURRENT_PROJECT_VERSION = 1;
				DEVELOPMENT_TEAM = V7TH2GUA8U;
				GENERATE_INFOPLIST_FILE = YES;
				INFOPLIST_FILE = CHCR/Info.plist;
				INFOPLIST_KEY_UIApplicationSupportsIndirectInputEvents = YES;
				INFOPLIST_KEY_UILaunchStoryboardName = LaunchScreen;
				INFOPLIST_KEY_UIMainStoryboardFile = Main;
				INFOPLIST_KEY_UISupportedInterfaceOrientations_iPad = "UIInterfaceOrientationPortrait UIInterfaceOrientationPortraitUpsideDown UIInterfaceOrientationLandscapeLeft UIInterfaceOrientationLandscapeRight";
				INFOPLIST_KEY_UISupportedInterfaceOrientations_iPhone = "UIInterfaceOrientationPortrait UIInterfaceOrientationLandscapeLeft UIInterfaceOrientationLandscapeRight";
				LD_RUNPATH_SEARCH_PATHS = (
					"$(inherited)",
					"@executable_path/Frameworks",
				);
				MARKETING_VERSION = 1.0;
				PRODUCT_BUNDLE_IDENTIFIER = com.Lime.CHCR;
				PRODUCT_NAME = "$(TARGET_NAME)";
				SWIFT_EMIT_LOC_STRINGS = YES;
				SWIFT_VERSION = 5.0;
				TARGETED_DEVICE_FAMILY = "1,2";
			};
			name = Release;
		};
		3FEDB0CF2A306BD20005AD04 /* Debug */ = {
			isa = XCBuildConfiguration;
			buildSettings = {
				ALWAYS_EMBED_SWIFT_STANDARD_LIBRARIES = YES;
				BUNDLE_LOADER = "$(TEST_HOST)";
				CODE_SIGN_STYLE = Automatic;
				CURRENT_PROJECT_VERSION = 1;
				DEVELOPMENT_TEAM = V7TH2GUA8U;
				GENERATE_INFOPLIST_FILE = YES;
				IPHONEOS_DEPLOYMENT_TARGET = 16.4;
				MARKETING_VERSION = 1.0;
				PRODUCT_BUNDLE_IDENTIFIER = com.Lime.CHCRTests;
				PRODUCT_NAME = "$(TARGET_NAME)";
				SWIFT_EMIT_LOC_STRINGS = NO;
				SWIFT_VERSION = 5.0;
				TARGETED_DEVICE_FAMILY = "1,2";
				TEST_HOST = "$(BUILT_PRODUCTS_DIR)/CHCR.app/$(BUNDLE_EXECUTABLE_FOLDER_PATH)/CHCR";
			};
			name = Debug;
		};
		3FEDB0D02A306BD20005AD04 /* Release */ = {
			isa = XCBuildConfiguration;
			buildSettings = {
				ALWAYS_EMBED_SWIFT_STANDARD_LIBRARIES = YES;
				BUNDLE_LOADER = "$(TEST_HOST)";
				CODE_SIGN_STYLE = Automatic;
				CURRENT_PROJECT_VERSION = 1;
				DEVELOPMENT_TEAM = V7TH2GUA8U;
				GENERATE_INFOPLIST_FILE = YES;
				IPHONEOS_DEPLOYMENT_TARGET = 16.4;
				MARKETING_VERSION = 1.0;
				PRODUCT_BUNDLE_IDENTIFIER = com.Lime.CHCRTests;
				PRODUCT_NAME = "$(TARGET_NAME)";
				SWIFT_EMIT_LOC_STRINGS = NO;
				SWIFT_VERSION = 5.0;
				TARGETED_DEVICE_FAMILY = "1,2";
				TEST_HOST = "$(BUILT_PRODUCTS_DIR)/CHCR.app/$(BUNDLE_EXECUTABLE_FOLDER_PATH)/CHCR";
			};
			name = Release;
		};
		3FEDB0D22A306BD20005AD04 /* Debug */ = {
			isa = XCBuildConfiguration;
			buildSettings = {
				ALWAYS_EMBED_SWIFT_STANDARD_LIBRARIES = YES;
				CODE_SIGN_STYLE = Automatic;
				CURRENT_PROJECT_VERSION = 1;
				DEVELOPMENT_TEAM = V7TH2GUA8U;
				GENERATE_INFOPLIST_FILE = YES;
				MARKETING_VERSION = 1.0;
				PRODUCT_BUNDLE_IDENTIFIER = com.Lime.CHCRUITests;
				PRODUCT_NAME = "$(TARGET_NAME)";
				SWIFT_EMIT_LOC_STRINGS = NO;
				SWIFT_VERSION = 5.0;
				TARGETED_DEVICE_FAMILY = "1,2";
				TEST_TARGET_NAME = CHCR;
			};
			name = Debug;
		};
		3FEDB0D32A306BD20005AD04 /* Release */ = {
			isa = XCBuildConfiguration;
			buildSettings = {
				ALWAYS_EMBED_SWIFT_STANDARD_LIBRARIES = YES;
				CODE_SIGN_STYLE = Automatic;
				CURRENT_PROJECT_VERSION = 1;
				DEVELOPMENT_TEAM = V7TH2GUA8U;
				GENERATE_INFOPLIST_FILE = YES;
				MARKETING_VERSION = 1.0;
				PRODUCT_BUNDLE_IDENTIFIER = com.Lime.CHCRUITests;
				PRODUCT_NAME = "$(TARGET_NAME)";
				SWIFT_EMIT_LOC_STRINGS = NO;
				SWIFT_VERSION = 5.0;
				TARGETED_DEVICE_FAMILY = "1,2";
				TEST_TARGET_NAME = CHCR;
			};
			name = Release;
		};
/* End XCBuildConfiguration section */

/* Begin XCConfigurationList section */
		3FEDB09C2A306BD10005AD04 /* Build configuration list for PBXProject "CHCR" */ = {
			isa = XCConfigurationList;
			buildConfigurations = (
				3FEDB0C92A306BD20005AD04 /* Debug */,
				3FEDB0CA2A306BD20005AD04 /* Release */,
			);
			defaultConfigurationIsVisible = 0;
			defaultConfigurationName = Release;
		};
		3FEDB0CB2A306BD20005AD04 /* Build configuration list for PBXNativeTarget "CHCR" */ = {
			isa = XCConfigurationList;
			buildConfigurations = (
				3FEDB0CC2A306BD20005AD04 /* Debug */,
				3FEDB0CD2A306BD20005AD04 /* Release */,
			);
			defaultConfigurationIsVisible = 0;
			defaultConfigurationName = Release;
		};
		3FEDB0CE2A306BD20005AD04 /* Build configuration list for PBXNativeTarget "CHCRTests" */ = {
			isa = XCConfigurationList;
			buildConfigurations = (
				3FEDB0CF2A306BD20005AD04 /* Debug */,
				3FEDB0D02A306BD20005AD04 /* Release */,
			);
			defaultConfigurationIsVisible = 0;
			defaultConfigurationName = Release;
		};
		3FEDB0D12A306BD20005AD04 /* Build configuration list for PBXNativeTarget "CHCRUITests" */ = {
			isa = XCConfigurationList;
			buildConfigurations = (
				3FEDB0D22A306BD20005AD04 /* Debug */,
				3FEDB0D32A306BD20005AD04 /* Release */,
			);
			defaultConfigurationIsVisible = 0;
			defaultConfigurationName = Release;
		};
/* End XCConfigurationList section */
	};
	rootObject = 3FEDB0992A306BD10005AD04 /* Project object */;
}
