// !$*UTF8*$!
{
	archiveVersion = 1;
	classes = {
	};
	objectVersion = 56;
	objects = {

/* Begin PBXBuildFile section */
		3F733F442A4318E50003DA60 /* AppDelegate.swift in Sources */ = {isa = PBXBuildFile; fileRef = 3F733F432A4318E50003DA60 /* AppDelegate.swift */; };
		3F733F462A4318E50003DA60 /* SceneDelegate.swift in Sources */ = {isa = PBXBuildFile; fileRef = 3F733F452A4318E50003DA60 /* SceneDelegate.swift */; };
		3F733F482A4318E50003DA60 /* ViewController.swift in Sources */ = {isa = PBXBuildFile; fileRef = 3F733F472A4318E50003DA60 /* ViewController.swift */; };
		3F733F4B2A4318E50003DA60 /* Main.storyboard in Resources */ = {isa = PBXBuildFile; fileRef = 3F733F492A4318E50003DA60 /* Main.storyboard */; };
		3F733F4D2A4318E60003DA60 /* Assets.xcassets in Resources */ = {isa = PBXBuildFile; fileRef = 3F733F4C2A4318E60003DA60 /* Assets.xcassets */; };
		3F733F502A4318E60003DA60 /* LaunchScreen.storyboard in Resources */ = {isa = PBXBuildFile; fileRef = 3F733F4E2A4318E60003DA60 /* LaunchScreen.storyboard */; };
		3F733F5B2A4318E60003DA60 /* UITableView_Cell_ReuseTests.swift in Sources */ = {isa = PBXBuildFile; fileRef = 3F733F5A2A4318E60003DA60 /* UITableView_Cell_ReuseTests.swift */; };
		3F733F652A4318E60003DA60 /* UITableView_Cell_ReuseUITests.swift in Sources */ = {isa = PBXBuildFile; fileRef = 3F733F642A4318E60003DA60 /* UITableView_Cell_ReuseUITests.swift */; };
		3F733F672A4318E60003DA60 /* UITableView_Cell_ReuseUITestsLaunchTests.swift in Sources */ = {isa = PBXBuildFile; fileRef = 3F733F662A4318E60003DA60 /* UITableView_Cell_ReuseUITestsLaunchTests.swift */; };
/* End PBXBuildFile section */

/* Begin PBXContainerItemProxy section */
		3F733F572A4318E60003DA60 /* PBXContainerItemProxy */ = {
			isa = PBXContainerItemProxy;
			containerPortal = 3F733F382A4318E50003DA60 /* Project object */;
			proxyType = 1;
			remoteGlobalIDString = 3F733F3F2A4318E50003DA60;
			remoteInfo = UITableView_Cell_Reuse;
		};
		3F733F612A4318E60003DA60 /* PBXContainerItemProxy */ = {
			isa = PBXContainerItemProxy;
			containerPortal = 3F733F382A4318E50003DA60 /* Project object */;
			proxyType = 1;
			remoteGlobalIDString = 3F733F3F2A4318E50003DA60;
			remoteInfo = UITableView_Cell_Reuse;
		};
/* End PBXContainerItemProxy section */

/* Begin PBXFileReference section */
		3F733F402A4318E50003DA60 /* UITableView_Cell_Reuse.app */ = {isa = PBXFileReference; explicitFileType = wrapper.application; includeInIndex = 0; path = UITableView_Cell_Reuse.app; sourceTree = BUILT_PRODUCTS_DIR; };
		3F733F432A4318E50003DA60 /* AppDelegate.swift */ = {isa = PBXFileReference; lastKnownFileType = sourcecode.swift; path = AppDelegate.swift; sourceTree = "<group>"; };
		3F733F452A4318E50003DA60 /* SceneDelegate.swift */ = {isa = PBXFileReference; lastKnownFileType = sourcecode.swift; path = SceneDelegate.swift; sourceTree = "<group>"; };
		3F733F472A4318E50003DA60 /* ViewController.swift */ = {isa = PBXFileReference; lastKnownFileType = sourcecode.swift; path = ViewController.swift; sourceTree = "<group>"; };
		3F733F4A2A4318E50003DA60 /* Base */ = {isa = PBXFileReference; lastKnownFileType = file.storyboard; name = Base; path = Base.lproj/Main.storyboard; sourceTree = "<group>"; };
		3F733F4C2A4318E60003DA60 /* Assets.xcassets */ = {isa = PBXFileReference; lastKnownFileType = folder.assetcatalog; path = Assets.xcassets; sourceTree = "<group>"; };
		3F733F4F2A4318E60003DA60 /* Base */ = {isa = PBXFileReference; lastKnownFileType = file.storyboard; name = Base; path = Base.lproj/LaunchScreen.storyboard; sourceTree = "<group>"; };
		3F733F512A4318E60003DA60 /* Info.plist */ = {isa = PBXFileReference; lastKnownFileType = text.plist.xml; path = Info.plist; sourceTree = "<group>"; };
		3F733F562A4318E60003DA60 /* UITableView_Cell_ReuseTests.xctest */ = {isa = PBXFileReference; explicitFileType = wrapper.cfbundle; includeInIndex = 0; path = UITableView_Cell_ReuseTests.xctest; sourceTree = BUILT_PRODUCTS_DIR; };
		3F733F5A2A4318E60003DA60 /* UITableView_Cell_ReuseTests.swift */ = {isa = PBXFileReference; lastKnownFileType = sourcecode.swift; path = UITableView_Cell_ReuseTests.swift; sourceTree = "<group>"; };
		3F733F602A4318E60003DA60 /* UITableView_Cell_ReuseUITests.xctest */ = {isa = PBXFileReference; explicitFileType = wrapper.cfbundle; includeInIndex = 0; path = UITableView_Cell_ReuseUITests.xctest; sourceTree = BUILT_PRODUCTS_DIR; };
		3F733F642A4318E60003DA60 /* UITableView_Cell_ReuseUITests.swift */ = {isa = PBXFileReference; lastKnownFileType = sourcecode.swift; path = UITableView_Cell_ReuseUITests.swift; sourceTree = "<group>"; };
		3F733F662A4318E60003DA60 /* UITableView_Cell_ReuseUITestsLaunchTests.swift */ = {isa = PBXFileReference; lastKnownFileType = sourcecode.swift; path = UITableView_Cell_ReuseUITestsLaunchTests.swift; sourceTree = "<group>"; };
/* End PBXFileReference section */

/* Begin PBXFrameworksBuildPhase section */
		3F733F3D2A4318E50003DA60 /* Frameworks */ = {
			isa = PBXFrameworksBuildPhase;
			buildActionMask = 2147483647;
			files = (
			);
			runOnlyForDeploymentPostprocessing = 0;
		};
		3F733F532A4318E60003DA60 /* Frameworks */ = {
			isa = PBXFrameworksBuildPhase;
			buildActionMask = 2147483647;
			files = (
			);
			runOnlyForDeploymentPostprocessing = 0;
		};
		3F733F5D2A4318E60003DA60 /* Frameworks */ = {
			isa = PBXFrameworksBuildPhase;
			buildActionMask = 2147483647;
			files = (
			);
			runOnlyForDeploymentPostprocessing = 0;
		};
/* End PBXFrameworksBuildPhase section */

/* Begin PBXGroup section */
		3F733F372A4318E50003DA60 = {
			isa = PBXGroup;
			children = (
				3F733F422A4318E50003DA60 /* UITableView_Cell_Reuse */,
				3F733F592A4318E60003DA60 /* UITableView_Cell_ReuseTests */,
				3F733F632A4318E60003DA60 /* UITableView_Cell_ReuseUITests */,
				3F733F412A4318E50003DA60 /* Products */,
			);
			sourceTree = "<group>";
		};
		3F733F412A4318E50003DA60 /* Products */ = {
			isa = PBXGroup;
			children = (
				3F733F402A4318E50003DA60 /* UITableView_Cell_Reuse.app */,
				3F733F562A4318E60003DA60 /* UITableView_Cell_ReuseTests.xctest */,
				3F733F602A4318E60003DA60 /* UITableView_Cell_ReuseUITests.xctest */,
			);
			name = Products;
			sourceTree = "<group>";
		};
		3F733F422A4318E50003DA60 /* UITableView_Cell_Reuse */ = {
			isa = PBXGroup;
			children = (
				3F733F432A4318E50003DA60 /* AppDelegate.swift */,
				3F733F452A4318E50003DA60 /* SceneDelegate.swift */,
				3F733F472A4318E50003DA60 /* ViewController.swift */,
				3F733F492A4318E50003DA60 /* Main.storyboard */,
				3F733F4C2A4318E60003DA60 /* Assets.xcassets */,
				3F733F4E2A4318E60003DA60 /* LaunchScreen.storyboard */,
				3F733F512A4318E60003DA60 /* Info.plist */,
			);
			path = UITableView_Cell_Reuse;
			sourceTree = "<group>";
		};
		3F733F592A4318E60003DA60 /* UITableView_Cell_ReuseTests */ = {
			isa = PBXGroup;
			children = (
				3F733F5A2A4318E60003DA60 /* UITableView_Cell_ReuseTests.swift */,
			);
			path = UITableView_Cell_ReuseTests;
			sourceTree = "<group>";
		};
		3F733F632A4318E60003DA60 /* UITableView_Cell_ReuseUITests */ = {
			isa = PBXGroup;
			children = (
				3F733F642A4318E60003DA60 /* UITableView_Cell_ReuseUITests.swift */,
				3F733F662A4318E60003DA60 /* UITableView_Cell_ReuseUITestsLaunchTests.swift */,
			);
			path = UITableView_Cell_ReuseUITests;
			sourceTree = "<group>";
		};
/* End PBXGroup section */

/* Begin PBXNativeTarget section */
		3F733F3F2A4318E50003DA60 /* UITableView_Cell_Reuse */ = {
			isa = PBXNativeTarget;
			buildConfigurationList = 3F733F6A2A4318E60003DA60 /* Build configuration list for PBXNativeTarget "UITableView_Cell_Reuse" */;
			buildPhases = (
				3F733F3C2A4318E50003DA60 /* Sources */,
				3F733F3D2A4318E50003DA60 /* Frameworks */,
				3F733F3E2A4318E50003DA60 /* Resources */,
			);
			buildRules = (
			);
			dependencies = (
			);
			name = UITableView_Cell_Reuse;
			productName = UITableView_Cell_Reuse;
			productReference = 3F733F402A4318E50003DA60 /* UITableView_Cell_Reuse.app */;
			productType = "com.apple.product-type.application";
		};
		3F733F552A4318E60003DA60 /* UITableView_Cell_ReuseTests */ = {
			isa = PBXNativeTarget;
			buildConfigurationList = 3F733F6D2A4318E60003DA60 /* Build configuration list for PBXNativeTarget "UITableView_Cell_ReuseTests" */;
			buildPhases = (
				3F733F522A4318E60003DA60 /* Sources */,
				3F733F532A4318E60003DA60 /* Frameworks */,
				3F733F542A4318E60003DA60 /* Resources */,
			);
			buildRules = (
			);
			dependencies = (
				3F733F582A4318E60003DA60 /* PBXTargetDependency */,
			);
			name = UITableView_Cell_ReuseTests;
			productName = UITableView_Cell_ReuseTests;
			productReference = 3F733F562A4318E60003DA60 /* UITableView_Cell_ReuseTests.xctest */;
			productType = "com.apple.product-type.bundle.unit-test";
		};
		3F733F5F2A4318E60003DA60 /* UITableView_Cell_ReuseUITests */ = {
			isa = PBXNativeTarget;
			buildConfigurationList = 3F733F702A4318E60003DA60 /* Build configuration list for PBXNativeTarget "UITableView_Cell_ReuseUITests" */;
			buildPhases = (
				3F733F5C2A4318E60003DA60 /* Sources */,
				3F733F5D2A4318E60003DA60 /* Frameworks */,
				3F733F5E2A4318E60003DA60 /* Resources */,
			);
			buildRules = (
			);
			dependencies = (
				3F733F622A4318E60003DA60 /* PBXTargetDependency */,
			);
			name = UITableView_Cell_ReuseUITests;
			productName = UITableView_Cell_ReuseUITests;
			productReference = 3F733F602A4318E60003DA60 /* UITableView_Cell_ReuseUITests.xctest */;
			productType = "com.apple.product-type.bundle.ui-testing";
		};
/* End PBXNativeTarget section */

/* Begin PBXProject section */
		3F733F382A4318E50003DA60 /* Project object */ = {
			isa = PBXProject;
			attributes = {
				BuildIndependentTargetsInParallel = 1;
				LastSwiftUpdateCheck = 1430;
				LastUpgradeCheck = 1430;
				TargetAttributes = {
					3F733F3F2A4318E50003DA60 = {
						CreatedOnToolsVersion = 14.3.1;
					};
					3F733F552A4318E60003DA60 = {
						CreatedOnToolsVersion = 14.3.1;
						TestTargetID = 3F733F3F2A4318E50003DA60;
					};
					3F733F5F2A4318E60003DA60 = {
						CreatedOnToolsVersion = 14.3.1;
						TestTargetID = 3F733F3F2A4318E50003DA60;
					};
				};
			};
			buildConfigurationList = 3F733F3B2A4318E50003DA60 /* Build configuration list for PBXProject "UITableView_Cell_Reuse" */;
			compatibilityVersion = "Xcode 14.0";
			developmentRegion = en;
			hasScannedForEncodings = 0;
			knownRegions = (
				en,
				Base,
			);
			mainGroup = 3F733F372A4318E50003DA60;
			productRefGroup = 3F733F412A4318E50003DA60 /* Products */;
			projectDirPath = "";
			projectRoot = "";
			targets = (
				3F733F3F2A4318E50003DA60 /* UITableView_Cell_Reuse */,
				3F733F552A4318E60003DA60 /* UITableView_Cell_ReuseTests */,
				3F733F5F2A4318E60003DA60 /* UITableView_Cell_ReuseUITests */,
			);
		};
/* End PBXProject section */

/* Begin PBXResourcesBuildPhase section */
		3F733F3E2A4318E50003DA60 /* Resources */ = {
			isa = PBXResourcesBuildPhase;
			buildActionMask = 2147483647;
			files = (
				3F733F502A4318E60003DA60 /* LaunchScreen.storyboard in Resources */,
				3F733F4D2A4318E60003DA60 /* Assets.xcassets in Resources */,
				3F733F4B2A4318E50003DA60 /* Main.storyboard in Resources */,
			);
			runOnlyForDeploymentPostprocessing = 0;
		};
		3F733F542A4318E60003DA60 /* Resources */ = {
			isa = PBXResourcesBuildPhase;
			buildActionMask = 2147483647;
			files = (
			);
			runOnlyForDeploymentPostprocessing = 0;
		};
		3F733F5E2A4318E60003DA60 /* Resources */ = {
			isa = PBXResourcesBuildPhase;
			buildActionMask = 2147483647;
			files = (
			);
			runOnlyForDeploymentPostprocessing = 0;
		};
/* End PBXResourcesBuildPhase section */

/* Begin PBXSourcesBuildPhase section */
		3F733F3C2A4318E50003DA60 /* Sources */ = {
			isa = PBXSourcesBuildPhase;
			buildActionMask = 2147483647;
			files = (
				3F733F482A4318E50003DA60 /* ViewController.swift in Sources */,
				3F733F442A4318E50003DA60 /* AppDelegate.swift in Sources */,
				3F733F462A4318E50003DA60 /* SceneDelegate.swift in Sources */,
			);
			runOnlyForDeploymentPostprocessing = 0;
		};
		3F733F522A4318E60003DA60 /* Sources */ = {
			isa = PBXSourcesBuildPhase;
			buildActionMask = 2147483647;
			files = (
				3F733F5B2A4318E60003DA60 /* UITableView_Cell_ReuseTests.swift in Sources */,
			);
			runOnlyForDeploymentPostprocessing = 0;
		};
		3F733F5C2A4318E60003DA60 /* Sources */ = {
			isa = PBXSourcesBuildPhase;
			buildActionMask = 2147483647;
			files = (
				3F733F652A4318E60003DA60 /* UITableView_Cell_ReuseUITests.swift in Sources */,
				3F733F672A4318E60003DA60 /* UITableView_Cell_ReuseUITestsLaunchTests.swift in Sources */,
			);
			runOnlyForDeploymentPostprocessing = 0;
		};
/* End PBXSourcesBuildPhase section */

/* Begin PBXTargetDependency section */
		3F733F582A4318E60003DA60 /* PBXTargetDependency */ = {
			isa = PBXTargetDependency;
			target = 3F733F3F2A4318E50003DA60 /* UITableView_Cell_Reuse */;
			targetProxy = 3F733F572A4318E60003DA60 /* PBXContainerItemProxy */;
		};
		3F733F622A4318E60003DA60 /* PBXTargetDependency */ = {
			isa = PBXTargetDependency;
			target = 3F733F3F2A4318E50003DA60 /* UITableView_Cell_Reuse */;
			targetProxy = 3F733F612A4318E60003DA60 /* PBXContainerItemProxy */;
		};
/* End PBXTargetDependency section */

/* Begin PBXVariantGroup section */
		3F733F492A4318E50003DA60 /* Main.storyboard */ = {
			isa = PBXVariantGroup;
			children = (
				3F733F4A2A4318E50003DA60 /* Base */,
			);
			name = Main.storyboard;
			sourceTree = "<group>";
		};
		3F733F4E2A4318E60003DA60 /* LaunchScreen.storyboard */ = {
			isa = PBXVariantGroup;
			children = (
				3F733F4F2A4318E60003DA60 /* Base */,
			);
			name = LaunchScreen.storyboard;
			sourceTree = "<group>";
		};
/* End PBXVariantGroup section */

/* Begin XCBuildConfiguration section */
		3F733F682A4318E60003DA60 /* Debug */ = {
			isa = XCBuildConfiguration;
			buildSettings = {
				ALWAYS_SEARCH_USER_PATHS = NO;
				CLANG_ANALYZER_NONNULL = YES;
				CLANG_ANALYZER_NUMBER_OBJECT_CONVERSION = YES_AGGRESSIVE;
				CLANG_CXX_LANGUAGE_STANDARD = "gnu++20";
				CLANG_ENABLE_MODULES = YES;
				CLANG_ENABLE_OBJC_ARC = YES;
				CLANG_ENABLE_OBJC_WEAK = YES;
				CLANG_WARN_BLOCK_CAPTURE_AUTORELEASING = YES;
				CLANG_WARN_BOOL_CONVERSION = YES;
				CLANG_WARN_COMMA = YES;
				CLANG_WARN_CONSTANT_CONVERSION = YES;
				CLANG_WARN_DEPRECATED_OBJC_IMPLEMENTATIONS = YES;
				CLANG_WARN_DIRECT_OBJC_ISA_USAGE = YES_ERROR;
				CLANG_WARN_DOCUMENTATION_COMMENTS = YES;
				CLANG_WARN_EMPTY_BODY = YES;
				CLANG_WARN_ENUM_CONVERSION = YES;
				CLANG_WARN_INFINITE_RECURSION = YES;
				CLANG_WARN_INT_CONVERSION = YES;
				CLANG_WARN_NON_LITERAL_NULL_CONVERSION = YES;
				CLANG_WARN_OBJC_IMPLICIT_RETAIN_SELF = YES;
				CLANG_WARN_OBJC_LITERAL_CONVERSION = YES;
				CLANG_WARN_OBJC_ROOT_CLASS = YES_ERROR;
				CLANG_WARN_QUOTED_INCLUDE_IN_FRAMEWORK_HEADER = YES;
				CLANG_WARN_RANGE_LOOP_ANALYSIS = YES;
				CLANG_WARN_STRICT_PROTOTYPES = YES;
				CLANG_WARN_SUSPICIOUS_MOVE = YES;
				CLANG_WARN_UNGUARDED_AVAILABILITY = YES_AGGRESSIVE;
				CLANG_WARN_UNREACHABLE_CODE = YES;
				CLANG_WARN__DUPLICATE_METHOD_MATCH = YES;
				COPY_PHASE_STRIP = NO;
				DEBUG_INFORMATION_FORMAT = dwarf;
				ENABLE_STRICT_OBJC_MSGSEND = YES;
				ENABLE_TESTABILITY = YES;
				GCC_C_LANGUAGE_STANDARD = gnu11;
				GCC_DYNAMIC_NO_PIC = NO;
				GCC_NO_COMMON_BLOCKS = YES;
				GCC_OPTIMIZATION_LEVEL = 0;
				GCC_PREPROCESSOR_DEFINITIONS = (
					"DEBUG=1",
					"$(inherited)",
				);
				GCC_WARN_64_TO_32_BIT_CONVERSION = YES;
				GCC_WARN_ABOUT_RETURN_TYPE = YES_ERROR;
				GCC_WARN_UNDECLARED_SELECTOR = YES;
				GCC_WARN_UNINITIALIZED_AUTOS = YES_AGGRESSIVE;
				GCC_WARN_UNUSED_FUNCTION = YES;
				GCC_WARN_UNUSED_VARIABLE = YES;
				IPHONEOS_DEPLOYMENT_TARGET = 16.4;
				MTL_ENABLE_DEBUG_INFO = INCLUDE_SOURCE;
				MTL_FAST_MATH = YES;
				ONLY_ACTIVE_ARCH = YES;
				SDKROOT = iphoneos;
				SWIFT_ACTIVE_COMPILATION_CONDITIONS = DEBUG;
				SWIFT_OPTIMIZATION_LEVEL = "-Onone";
			};
			name = Debug;
		};
		3F733F692A4318E60003DA60 /* Release */ = {
			isa = XCBuildConfiguration;
			buildSettings = {
				ALWAYS_SEARCH_USER_PATHS = NO;
				CLANG_ANALYZER_NONNULL = YES;
				CLANG_ANALYZER_NUMBER_OBJECT_CONVERSION = YES_AGGRESSIVE;
				CLANG_CXX_LANGUAGE_STANDARD = "gnu++20";
				CLANG_ENABLE_MODULES = YES;
				CLANG_ENABLE_OBJC_ARC = YES;
				CLANG_ENABLE_OBJC_WEAK = YES;
				CLANG_WARN_BLOCK_CAPTURE_AUTORELEASING = YES;
				CLANG_WARN_BOOL_CONVERSION = YES;
				CLANG_WARN_COMMA = YES;
				CLANG_WARN_CONSTANT_CONVERSION = YES;
				CLANG_WARN_DEPRECATED_OBJC_IMPLEMENTATIONS = YES;
				CLANG_WARN_DIRECT_OBJC_ISA_USAGE = YES_ERROR;
				CLANG_WARN_DOCUMENTATION_COMMENTS = YES;
				CLANG_WARN_EMPTY_BODY = YES;
				CLANG_WARN_ENUM_CONVERSION = YES;
				CLANG_WARN_INFINITE_RECURSION = YES;
				CLANG_WARN_INT_CONVERSION = YES;
				CLANG_WARN_NON_LITERAL_NULL_CONVERSION = YES;
				CLANG_WARN_OBJC_IMPLICIT_RETAIN_SELF = YES;
				CLANG_WARN_OBJC_LITERAL_CONVERSION = YES;
				CLANG_WARN_OBJC_ROOT_CLASS = YES_ERROR;
				CLANG_WARN_QUOTED_INCLUDE_IN_FRAMEWORK_HEADER = YES;
				CLANG_WARN_RANGE_LOOP_ANALYSIS = YES;
				CLANG_WARN_STRICT_PROTOTYPES = YES;
				CLANG_WARN_SUSPICIOUS_MOVE = YES;
				CLANG_WARN_UNGUARDED_AVAILABILITY = YES_AGGRESSIVE;
				CLANG_WARN_UNREACHABLE_CODE = YES;
				CLANG_WARN__DUPLICATE_METHOD_MATCH = YES;
				COPY_PHASE_STRIP = NO;
				DEBUG_INFORMATION_FORMAT = "dwarf-with-dsym";
				ENABLE_NS_ASSERTIONS = NO;
				ENABLE_STRICT_OBJC_MSGSEND = YES;
				GCC_C_LANGUAGE_STANDARD = gnu11;
				GCC_NO_COMMON_BLOCKS = YES;
				GCC_WARN_64_TO_32_BIT_CONVERSION = YES;
				GCC_WARN_ABOUT_RETURN_TYPE = YES_ERROR;
				GCC_WARN_UNDECLARED_SELECTOR = YES;
				GCC_WARN_UNINITIALIZED_AUTOS = YES_AGGRESSIVE;
				GCC_WARN_UNUSED_FUNCTION = YES;
				GCC_WARN_UNUSED_VARIABLE = YES;
				IPHONEOS_DEPLOYMENT_TARGET = 16.4;
				MTL_ENABLE_DEBUG_INFO = NO;
				MTL_FAST_MATH = YES;
				SDKROOT = iphoneos;
				SWIFT_COMPILATION_MODE = wholemodule;
				SWIFT_OPTIMIZATION_LEVEL = "-O";
				VALIDATE_PRODUCT = YES;
			};
			name = Release;
		};
		3F733F6B2A4318E60003DA60 /* Debug */ = {
			isa = XCBuildConfiguration;
			buildSettings = {
				ASSETCATALOG_COMPILER_APPICON_NAME = AppIcon;
				ASSETCATALOG_COMPILER_GLOBAL_ACCENT_COLOR_NAME = AccentColor;
				CODE_SIGN_STYLE = Automatic;
				CURRENT_PROJECT_VERSION = 1;
				DEVELOPMENT_TEAM = V7TH2GUA8U;
				GENERATE_INFOPLIST_FILE = YES;
				INFOPLIST_FILE = UITableView_Cell_Reuse/Info.plist;
				INFOPLIST_KEY_UIApplicationSupportsIndirectInputEvents = YES;
				INFOPLIST_KEY_UILaunchStoryboardName = LaunchScreen;
				INFOPLIST_KEY_UIMainStoryboardFile = Main;
				INFOPLIST_KEY_UISupportedInterfaceOrientations_iPad = "UIInterfaceOrientationPortrait UIInterfaceOrientationPortraitUpsideDown UIInterfaceOrientationLandscapeLeft UIInterfaceOrientationLandscapeRight";
				INFOPLIST_KEY_UISupportedInterfaceOrientations_iPhone = "UIInterfaceOrientationPortrait UIInterfaceOrientationLandscapeLeft UIInterfaceOrientationLandscapeRight";
				LD_RUNPATH_SEARCH_PATHS = (
					"$(inherited)",
					"@executable_path/Frameworks",
				);
				MARKETING_VERSION = 1.0;
				PRODUCT_BUNDLE_IDENTIFIER = "com.Lime.UITableView-Cell-Reuse";
				PRODUCT_NAME = "$(TARGET_NAME)";
				SWIFT_EMIT_LOC_STRINGS = YES;
				SWIFT_VERSION = 5.0;
				TARGETED_DEVICE_FAMILY = "1,2";
			};
			name = Debug;
		};
		3F733F6C2A4318E60003DA60 /* Release */ = {
			isa = XCBuildConfiguration;
			buildSettings = {
				ASSETCATALOG_COMPILER_APPICON_NAME = AppIcon;
				ASSETCATALOG_COMPILER_GLOBAL_ACCENT_COLOR_NAME = AccentColor;
				CODE_SIGN_STYLE = Automatic;
				CURRENT_PROJECT_VERSION = 1;
				DEVELOPMENT_TEAM = V7TH2GUA8U;
				GENERATE_INFOPLIST_FILE = YES;
				INFOPLIST_FILE = UITableView_Cell_Reuse/Info.plist;
				INFOPLIST_KEY_UIApplicationSupportsIndirectInputEvents = YES;
				INFOPLIST_KEY_UILaunchStoryboardName = LaunchScreen;
				INFOPLIST_KEY_UIMainStoryboardFile = Main;
				INFOPLIST_KEY_UISupportedInterfaceOrientations_iPad = "UIInterfaceOrientationPortrait UIInterfaceOrientationPortraitUpsideDown UIInterfaceOrientationLandscapeLeft UIInterfaceOrientationLandscapeRight";
				INFOPLIST_KEY_UISupportedInterfaceOrientations_iPhone = "UIInterfaceOrientationPortrait UIInterfaceOrientationLandscapeLeft UIInterfaceOrientationLandscapeRight";
				LD_RUNPATH_SEARCH_PATHS = (
					"$(inherited)",
					"@executable_path/Frameworks",
				);
				MARKETING_VERSION = 1.0;
				PRODUCT_BUNDLE_IDENTIFIER = "com.Lime.UITableView-Cell-Reuse";
				PRODUCT_NAME = "$(TARGET_NAME)";
				SWIFT_EMIT_LOC_STRINGS = YES;
				SWIFT_VERSION = 5.0;
				TARGETED_DEVICE_FAMILY = "1,2";
			};
			name = Release;
		};
		3F733F6E2A4318E60003DA60 /* Debug */ = {
			isa = XCBuildConfiguration;
			buildSettings = {
				ALWAYS_EMBED_SWIFT_STANDARD_LIBRARIES = YES;
				BUNDLE_LOADER = "$(TEST_HOST)";
				CODE_SIGN_STYLE = Automatic;
				CURRENT_PROJECT_VERSION = 1;
				DEVELOPMENT_TEAM = V7TH2GUA8U;
				GENERATE_INFOPLIST_FILE = YES;
				IPHONEOS_DEPLOYMENT_TARGET = 16.4;
				MARKETING_VERSION = 1.0;
				PRODUCT_BUNDLE_IDENTIFIER = "com.Lime.UITableView-Cell-ReuseTests";
				PRODUCT_NAME = "$(TARGET_NAME)";
				SWIFT_EMIT_LOC_STRINGS = NO;
				SWIFT_VERSION = 5.0;
				TARGETED_DEVICE_FAMILY = "1,2";
				TEST_HOST = "$(BUILT_PRODUCTS_DIR)/UITableView_Cell_Reuse.app/$(BUNDLE_EXECUTABLE_FOLDER_PATH)/UITableView_Cell_Reuse";
			};
			name = Debug;
		};
		3F733F6F2A4318E60003DA60 /* Release */ = {
			isa = XCBuildConfiguration;
			buildSettings = {
				ALWAYS_EMBED_SWIFT_STANDARD_LIBRARIES = YES;
				BUNDLE_LOADER = "$(TEST_HOST)";
				CODE_SIGN_STYLE = Automatic;
				CURRENT_PROJECT_VERSION = 1;
				DEVELOPMENT_TEAM = V7TH2GUA8U;
				GENERATE_INFOPLIST_FILE = YES;
				IPHONEOS_DEPLOYMENT_TARGET = 16.4;
				MARKETING_VERSION = 1.0;
				PRODUCT_BUNDLE_IDENTIFIER = "com.Lime.UITableView-Cell-ReuseTests";
				PRODUCT_NAME = "$(TARGET_NAME)";
				SWIFT_EMIT_LOC_STRINGS = NO;
				SWIFT_VERSION = 5.0;
				TARGETED_DEVICE_FAMILY = "1,2";
				TEST_HOST = "$(BUILT_PRODUCTS_DIR)/UITableView_Cell_Reuse.app/$(BUNDLE_EXECUTABLE_FOLDER_PATH)/UITableView_Cell_Reuse";
			};
			name = Release;
		};
		3F733F712A4318E60003DA60 /* Debug */ = {
			isa = XCBuildConfiguration;
			buildSettings = {
				ALWAYS_EMBED_SWIFT_STANDARD_LIBRARIES = YES;
				CODE_SIGN_STYLE = Automatic;
				CURRENT_PROJECT_VERSION = 1;
				DEVELOPMENT_TEAM = V7TH2GUA8U;
				GENERATE_INFOPLIST_FILE = YES;
				MARKETING_VERSION = 1.0;
				PRODUCT_BUNDLE_IDENTIFIER = "com.Lime.UITableView-Cell-ReuseUITests";
				PRODUCT_NAME = "$(TARGET_NAME)";
				SWIFT_EMIT_LOC_STRINGS = NO;
				SWIFT_VERSION = 5.0;
				TARGETED_DEVICE_FAMILY = "1,2";
				TEST_TARGET_NAME = UITableView_Cell_Reuse;
			};
			name = Debug;
		};
		3F733F722A4318E60003DA60 /* Release */ = {
			isa = XCBuildConfiguration;
			buildSettings = {
				ALWAYS_EMBED_SWIFT_STANDARD_LIBRARIES = YES;
				CODE_SIGN_STYLE = Automatic;
				CURRENT_PROJECT_VERSION = 1;
				DEVELOPMENT_TEAM = V7TH2GUA8U;
				GENERATE_INFOPLIST_FILE = YES;
				MARKETING_VERSION = 1.0;
				PRODUCT_BUNDLE_IDENTIFIER = "com.Lime.UITableView-Cell-ReuseUITests";
				PRODUCT_NAME = "$(TARGET_NAME)";
				SWIFT_EMIT_LOC_STRINGS = NO;
				SWIFT_VERSION = 5.0;
				TARGETED_DEVICE_FAMILY = "1,2";
				TEST_TARGET_NAME = UITableView_Cell_Reuse;
			};
			name = Release;
		};
/* End XCBuildConfiguration section */

/* Begin XCConfigurationList section */
		3F733F3B2A4318E50003DA60 /* Build configuration list for PBXProject "UITableView_Cell_Reuse" */ = {
			isa = XCConfigurationList;
			buildConfigurations = (
				3F733F682A4318E60003DA60 /* Debug */,
				3F733F692A4318E60003DA60 /* Release */,
			);
			defaultConfigurationIsVisible = 0;
			defaultConfigurationName = Release;
		};
		3F733F6A2A4318E60003DA60 /* Build configuration list for PBXNativeTarget "UITableView_Cell_Reuse" */ = {
			isa = XCConfigurationList;
			buildConfigurations = (
				3F733F6B2A4318E60003DA60 /* Debug */,
				3F733F6C2A4318E60003DA60 /* Release */,
			);
			defaultConfigurationIsVisible = 0;
			defaultConfigurationName = Release;
		};
		3F733F6D2A4318E60003DA60 /* Build configuration list for PBXNativeTarget "UITableView_Cell_ReuseTests" */ = {
			isa = XCConfigurationList;
			buildConfigurations = (
				3F733F6E2A4318E60003DA60 /* Debug */,
				3F733F6F2A4318E60003DA60 /* Release */,
			);
			defaultConfigurationIsVisible = 0;
			defaultConfigurationName = Release;
		};
		3F733F702A4318E60003DA60 /* Build configuration list for PBXNativeTarget "UITableView_Cell_ReuseUITests" */ = {
			isa = XCConfigurationList;
			buildConfigurations = (
				3F733F712A4318E60003DA60 /* Debug */,
				3F733F722A4318E60003DA60 /* Release */,
			);
			defaultConfigurationIsVisible = 0;
			defaultConfigurationName = Release;
		};
/* End XCConfigurationList section */
	};
	rootObject = 3F733F382A4318E50003DA60 /* Project object */;
}
